{
    "version": 3,
    "terraform_version": "0.11.8",
    "serial": 161,
    "lineage": "67c07f75-2bce-14b2-b266-0cd94423ce34",
    "modules": [
        {
            "path": [
                "root"
            ],
            "outputs": {
                "alb_uri": {
                    "sensitive": false,
                    "type": "string",
                    "value": "openfaas-283163690.eu-west-1.elb.amazonaws.com"
                },
                "bastion_ip": {
                    "sensitive": false,
                    "type": "list",
                    "value": [
                        "34.241.103.203"
                    ]
                },
                "login": {
                    "sensitive": false,
                    "type": "string",
                    "value": "echo -n \"jRNmQQmb1yAmm2yFy4CVnRNd6OaojLmH\" | faas-cli login --gateway https://openfaas-283163690.eu-west-1.elb.amazonaws.com --username=admin --password-stdin"
                },
                "openfass_uri": {
                    "sensitive": false,
                    "type": "string",
                    "value": "https://openfaas-283163690.eu-west-1.elb.amazonaws.com"
                },
                "service_security_group": {
                    "sensitive": false,
                    "type": "string",
                    "value": "sg-0b3512365b3fc9ff7"
                },
                "servicebox_ip": {
                    "sensitive": false,
                    "type": "list",
                    "value": [
                        "10.0.4.188"
                    ]
                }
            },
            "resources": {
                "acme_registration.reg": {
                    "type": "acme_registration",
                    "depends_on": [
                        "tls_private_key.private_key"
                    ],
                    "primary": {
                        "id": "https://acme-v02.api.letsencrypt.org/acme/acct/45488346",
                        "attributes": {
                            "account_key_pem": "-----BEGIN RSA PRIVATE KEY-----\nMIIEogIBAAKCAQEAus6BA4wXY+txdKdPh9Mi0gvQqSFMAEI0Z2khiZvFwuqefESJ\nBlucWBnsw9p6bwqnYgGS47VSzOKpdHOIowfbt50Z2OZzwChTGaVRARYfuO/qMPMS\ns7kmKJ/pd866qbXviLGGxmLIIVChvhK+2u/DvuXB82j9B0gta/8AUqSDnTWyGHCg\nDBRhpxb0wCMBpWfhBxTO4OzhVNLvPO3z4eCqtKKP9Kc9ZTn61GHS35ETqSjgduJz\nQNCh5gA+dFff5L2GRnWmIJasWAGj51iOa4scOE+Nrzgda9cRGHLz2M+SoJ3siiep\nNOSEqEsScDLh/i1n++p1GHuvSd8vLbW/2oLXewIDAQABAoIBAFofurp9YeOA+ZGw\nDnyW7lur+5U9TS9qwWGKpPWAw55QFvoZDoqUtA8FIucyhpL/7tUnsThOiI30ZJCc\nFLWi2uvwzUGJnRp92emrijMd+1v7016eRs2Sa8h5redxQzkRX2jxTPZ1PdxkzEOp\nQ47Y0fVNX48RfdF/jvplYkB8wkqbgwOS/lAqyGcEj1MVlQVvIaIP0yJXrFbYc+0N\nExjUyikSfZUPkxWEmmi4Z/nTNI3pAqBKki5YcvDG7xRVB22gTv/E1NB7NiOUMBl9\n4yhkt5hGAz+z8ZYwk9KJiqd1q/rs8/dWudz+0UTsUIw7sUBoltbIzVN3s08EV2Ma\n2zJ9PtECgYEA81oCqzzjAtkXZX9VP77iMndI1u/rMaPGB5hLZ4CGxyvP5sQnq1H4\nuj56TZt2GplBtw0gX2BM3HYf9x96iBmlbVHBdKnYKv6r8a7vxhw5jg3x1RFpggkQ\ntqt0cFEWPj6M5zzyrRFjOG0J4BcHkURnz5qYU5Hmla32jnEnAsksZ7cCgYEAxIQe\nCxDU5uUVB3V9SsIR3/lZX/+OzjISgGHk7GxtovkNriHNN2JDuv8Kee3JFIygmmpp\nj6rcd79vULafa/Ld9VzDcU2tf01dgQLwaY9+YOWtYUF+3FYLqRV1VKR25Jytv56S\nnv8+JFl1ZFlL+z2JwDiEP5QMBHRqgtkjBKnkJl0CgYAiqLE0nklewHialhYYLCGf\nOmn/YtBGk6LCtigXJ7EKcOz9WvajadtY+0kEAJ5Dj4xSe+Yeb2LDC3fmBG+5Lp3n\nAfvhl8cX6ImotFemCaMQ3l+RDxfN02iz+5tr28ClQNdkn8OYbp+JC86aQe1r/Sgj\n40rKrD8BFnPFOcxqkyhl5QKBgHPpec8NHocSmFTN+BkgX2q8qPr2wkTdRAx1sZHC\nYui9/lO3nFQOoeSqioNgvjpguFpcaedT4LbBM+dn0KDboBAZpy4toyhzebOfCC87\ndE+zKZE0EJ/mIPqarZo/Z+FwiQt9fP5Lj1vhaFzITwjiQ14d9+OIb44xHKIRcZZO\nn0QBAoGAYAf9wqwpzHGYq+2bA+jr/sD1vl9P4axw0yiDfiaFiL4Kz0KqOU/RwJla\nQ+aqqGyahZ8GGX+v6PhfgIrIVEioVn9LaJNSyHdi7TcD2IL1eXzF3cmkFmzVSn8n\ngqnMP75A7RJtK/HmLXH5gFszLofMlQ8l6yDks341ILIX9ppi05w=\n-----END RSA PRIVATE KEY-----\n",
                            "email_address": "ewilde@gmail.com",
                            "id": "https://acme-v02.api.letsencrypt.org/acme/acct/45488346",
                            "registration_url": "https://acme-v02.api.letsencrypt.org/acme/acct/45488346"
                        },
                        "meta": {
                            "schema_version": "1"
                        },
                        "tainted": false
                    },
                    "deposed": [],
                    "provider": "provider.acme"
                },
                "aws_cloudwatch_log_group.gateway_log": {
                    "type": "aws_cloudwatch_log_group",
                    "depends_on": [],
                    "primary": {
                        "id": "openfaas-gateway",
                        "attributes": {
                            "arn": "arn:aws:logs:eu-west-1:122668425727:log-group:openfaas-gateway:*",
                            "id": "openfaas-gateway",
                            "kms_key_id": "",
                            "name": "openfaas-gateway",
                            "retention_in_days": "0",
                            "tags.%": "0"
                        },
                        "meta": {},
                        "tainted": false
                    },
                    "deposed": [],
                    "provider": "provider.aws"
                },
                "aws_cloudwatch_log_group.gateway_log_fargate_provider": {
                    "type": "aws_cloudwatch_log_group",
                    "depends_on": [],
                    "primary": {
                        "id": "openfaas-gateway-fargate-provider",
                        "attributes": {
                            "arn": "arn:aws:logs:eu-west-1:122668425727:log-group:openfaas-gateway-fargate-provider:*",
                            "id": "openfaas-gateway-fargate-provider",
                            "kms_key_id": "",
                            "name": "openfaas-gateway-fargate-provider",
                            "retention_in_days": "0",
                            "tags.%": "0"
                        },
                        "meta": {},
                        "tainted": false
                    },
                    "deposed": [],
                    "provider": "provider.aws"
                },
                "aws_cloudwatch_log_group.gateway_log_kms": {
                    "type": "aws_cloudwatch_log_group",
                    "depends_on": [],
                    "primary": {
                        "id": "openfaas-gateway-kms",
                        "attributes": {
                            "arn": "arn:aws:logs:eu-west-1:122668425727:log-group:openfaas-gateway-kms:*",
                            "id": "openfaas-gateway-kms",
                            "kms_key_id": "",
                            "name": "openfaas-gateway-kms",
                            "retention_in_days": "0",
                            "tags.%": "0"
                        },
                        "meta": {},
                        "tainted": false
                    },
                    "deposed": [],
                    "provider": "provider.aws"
                },
                "aws_cloudwatch_log_group.nats": {
                    "type": "aws_cloudwatch_log_group",
                    "depends_on": [],
                    "primary": {
                        "id": "openfaas-nats",
                        "attributes": {
                            "arn": "arn:aws:logs:eu-west-1:122668425727:log-group:openfaas-nats:*",
                            "id": "openfaas-nats",
                            "kms_key_id": "",
                            "name": "openfaas-nats",
                            "retention_in_days": "0",
                            "tags.%": "0"
                        },
                        "meta": {},
                        "tainted": false
                    },
                    "deposed": [],
                    "provider": "provider.aws"
                },
                "aws_cloudwatch_log_group.nats_queue_worker": {
                    "type": "aws_cloudwatch_log_group",
                    "depends_on": [],
                    "primary": {
                        "id": "openfaas-nats-queue-worker",
                        "attributes": {
                            "arn": "arn:aws:logs:eu-west-1:122668425727:log-group:openfaas-nats-queue-worker:*",
                            "id": "openfaas-nats-queue-worker",
                            "kms_key_id": "",
                            "name": "openfaas-nats-queue-worker",
                            "retention_in_days": "0",
                            "tags.%": "0"
                        },
                        "meta": {},
                        "tainted": false
                    },
                    "deposed": [],
                    "provider": "provider.aws"
                },
                "aws_ecs_cluster.openfaas": {
                    "type": "aws_ecs_cluster",
                    "depends_on": [],
                    "primary": {
                        "id": "arn:aws:ecs:eu-west-1:122668425727:cluster/openfaas",
                        "attributes": {
                            "arn": "arn:aws:ecs:eu-west-1:122668425727:cluster/openfaas",
                            "id": "arn:aws:ecs:eu-west-1:122668425727:cluster/openfaas",
                            "name": "openfaas"
                        },
                        "meta": {},
                        "tainted": false
                    },
                    "deposed": [],
                    "provider": "provider.aws"
                },
                "aws_ecs_task_definition.gateway": {
                    "type": "aws_ecs_task_definition",
                    "depends_on": [
                        "aws_cloudwatch_log_group.gateway_log",
                        "aws_cloudwatch_log_group.gateway_log_fargate_provider",
                        "aws_cloudwatch_log_group.gateway_log_kms",
                        "aws_iam_role.gateway_role",
                        "aws_secretsmanager_secret_version.basic_auth_password",
                        "aws_secretsmanager_secret_version.basic_auth_user",
                        "aws_security_group.service",
                        "aws_service_discovery_private_dns_namespace.openfaas",
                        "aws_subnet.internal.*",
                        "module.nats",
                        "module.prometheus"
                    ],
                    "primary": {
                        "id": "gateway",
                        "attributes": {
                            "arn": "arn:aws:ecs:eu-west-1:122668425727:task-definition/gateway:30",
                            "container_definitions": "[{\"cpu\":128,\"environment\":[{\"name\":\"basic_auth\",\"value\":\"true\"},{\"name\":\"faas_nats_address\",\"value\":\"nats.openfaas.local\"},{\"name\":\"functions_provider_url\",\"value\":\"http://localhost:8081/\"},{\"name\":\"faas_prometheus_host\",\"value\":\"prometheus.openfaas.local\"},{\"name\":\"faas_nats_port\",\"value\":\"4222\"}],\"essential\":true,\"healthCheck\":{\"command\":[\"CMD-SHELL\",\"cat /run/secrets/basic-auth-password || exit 1\"],\"interval\":5,\"retries\":1,\"startPeriod\":5,\"timeout\":3},\"image\":\"openfaas/gateway:0.9.6\",\"logConfiguration\":{\"logDriver\":\"awslogs\",\"options\":{\"awslogs-group\":\"openfaas-gateway\",\"awslogs-region\":\"eu-west-1\",\"awslogs-stream-prefix\":\"gateway\"}},\"memory\":64,\"mountPoints\":[],\"name\":\"gateway\",\"portMappings\":[{\"containerPort\":8080,\"hostPort\":8080,\"protocol\":\"tcp\"}],\"volumesFrom\":[{\"sourceContainer\":\"gateway-kms\"}]},{\"cpu\":64,\"environment\":[{\"name\":\"subnet_ids\",\"value\":\"subnet-0b8c1409a7f813add,subnet-05c2b30564631bad3,subnet-0c06fa1aeaea42de3\"},{\"name\":\"port\",\"value\":\"8081\"},{\"name\":\"security_group_id\",\"value\":\"sg-0b3512365b3fc9ff7\"}],\"essential\":true,\"healthCheck\":{\"command\":[\"CMD-SHELL\",\"ls\"],\"interval\":5,\"retries\":1,\"startPeriod\":5,\"timeout\":3},\"image\":\"ewilde/faas-fargate:latest\",\"logConfiguration\":{\"logDriver\":\"awslogs\",\"options\":{\"awslogs-group\":\"openfaas-gateway-fargate-provider\",\"awslogs-region\":\"eu-west-1\",\"awslogs-stream-prefix\":\"gateway-fargate-provider\"}},\"memory\":64,\"mountPoints\":[],\"name\":\"fargate-provider\",\"portMappings\":[],\"volumesFrom\":[]},{\"cpu\":64,\"environment\":[{\"name\":\"SECRETS\",\"value\":\"basic-auth-user,basic-auth-password\"}],\"essential\":true,\"healthCheck\":{\"command\":[\"CMD-SHELL\",\"cat /run/secrets/basic-auth-password || exit 1\"],\"interval\":5,\"retries\":1,\"startPeriod\":5,\"timeout\":3},\"image\":\"ewilde/kms-template:latest\",\"logConfiguration\":{\"logDriver\":\"awslogs\",\"options\":{\"awslogs-group\":\"openfaas-gateway-kms\",\"awslogs-region\":\"eu-west-1\",\"awslogs-stream-prefix\":\"gateway-kms\"}},\"memory\":32,\"mountPoints\":[],\"name\":\"gateway-kms\",\"portMappings\":[],\"volumesFrom\":[]}]",
                            "cpu": "256",
                            "execution_role_arn": "arn:aws:iam::122668425727:role/openfaas-gateway-role",
                            "family": "gateway",
                            "id": "gateway",
                            "memory": "512",
                            "network_mode": "awsvpc",
                            "placement_constraints.#": "0",
                            "requires_compatibilities.#": "1",
                            "requires_compatibilities.3072437307": "FARGATE",
                            "revision": "30",
                            "task_role_arn": "arn:aws:iam::122668425727:role/openfaas-gateway-role",
                            "volume.#": "0"
                        },
                        "meta": {
                            "schema_version": "1"
                        },
                        "tainted": false
                    },
                    "deposed": [],
                    "provider": "provider.aws"
                },
                "aws_ecs_task_definition.nats": {
                    "type": "aws_ecs_task_definition",
                    "depends_on": [
                        "aws_cloudwatch_log_group.nats",
                        "aws_cloudwatch_log_group.nats_queue_worker",
                        "aws_iam_role.ecs_role",
                        "aws_service_discovery_private_dns_namespace.openfaas",
                        "aws_service_discovery_service.gateway"
                    ],
                    "primary": {
                        "id": "nats",
                        "attributes": {
                            "arn": "arn:aws:ecs:eu-west-1:122668425727:task-definition/nats:26",
                            "container_definitions": "[{\"command\":[\"--store\",\"memory\",\"--cluster_id\",\"faas-cluster\"],\"cpu\":128,\"environment\":[],\"essential\":true,\"healthCheck\":{\"command\":[\"CMD-SHELL\",\"ls\"],\"interval\":5,\"retries\":1,\"startPeriod\":5,\"timeout\":3},\"image\":\"ewilde/nats-streaming:0.11.2\",\"logConfiguration\":{\"logDriver\":\"awslogs\",\"options\":{\"awslogs-group\":\"openfaas-nats\",\"awslogs-region\":\"eu-west-1\",\"awslogs-stream-prefix\":\"nats\"}},\"memory\":64,\"mountPoints\":[],\"name\":\"nats\",\"portMappings\":[{\"containerPort\":4222,\"hostPort\":4222,\"protocol\":\"tcp\"},{\"containerPort\":8222,\"hostPort\":8222,\"protocol\":\"tcp\"}],\"volumesFrom\":[]},{\"cpu\":128,\"environment\":[{\"name\":\"faas_function_suffix\",\"value\":\".openfaas.local\"},{\"name\":\"ack_wait\",\"value\":\"300s\"},{\"name\":\"basic_auth\",\"value\":\"false\"},{\"name\":\"faas_nats_address\",\"value\":\"localhost\"},{\"name\":\"faas_gateway_address\",\"value\":\"gateway.openfaas.local\"},{\"name\":\"max_inflight\",\"value\":\"1\"}],\"essential\":true,\"healthCheck\":{\"command\":[\"CMD-SHELL\",\"ls\"],\"interval\":5,\"retries\":1,\"startPeriod\":5,\"timeout\":3},\"image\":\"ewilde/queue-worker:latest\",\"logConfiguration\":{\"logDriver\":\"awslogs\",\"options\":{\"awslogs-group\":\"openfaas-nats-queue-worker\",\"awslogs-region\":\"eu-west-1\",\"awslogs-stream-prefix\":\"nats-queue-worker\"}},\"memory\":64,\"mountPoints\":[],\"name\":\"nats-queue-worker\",\"portMappings\":[],\"volumesFrom\":[]}]",
                            "cpu": "256",
                            "execution_role_arn": "arn:aws:iam::122668425727:role/terraform-20181110094218588600000001",
                            "family": "nats",
                            "id": "nats",
                            "memory": "512",
                            "network_mode": "awsvpc",
                            "placement_constraints.#": "0",
                            "requires_compatibilities.#": "1",
                            "requires_compatibilities.3072437307": "FARGATE",
                            "revision": "26",
                            "task_role_arn": "arn:aws:iam::122668425727:role/terraform-20181110094218588600000001",
                            "volume.#": "0"
                        },
                        "meta": {
                            "schema_version": "1"
                        },
                        "tainted": false
                    },
                    "deposed": [],
                    "provider": "provider.aws"
                },
                "aws_eip.nat.0": {
                    "type": "aws_eip",
                    "depends_on": [],
                    "primary": {
                        "id": "eipalloc-0613c685bccfa93af",
                        "attributes": {
                            "association_id": "",
                            "domain": "vpc",
                            "id": "eipalloc-0613c685bccfa93af",
                            "instance": "",
                            "network_interface": "",
                            "private_ip": "",
                            "public_ip": "52.50.34.248",
                            "tags.%": "1",
                            "tags.Name": "openfaas",
                            "vpc": "true"
                        },
                        "meta": {
                            "e2bfb730-ecaa-11e6-8f88-34363bc7c4c0": {
                                "delete": 180000000000,
                                "read": 900000000000,
                                "update": 300000000000
                            }
                        },
                        "tainted": false
                    },
                    "deposed": [],
                    "provider": "provider.aws"
                },
                "aws_eip.nat.1": {
                    "type": "aws_eip",
                    "depends_on": [],
                    "primary": {
                        "id": "eipalloc-025eaa68330792bd6",
                        "attributes": {
                            "association_id": "",
                            "domain": "vpc",
                            "id": "eipalloc-025eaa68330792bd6",
                            "instance": "",
                            "network_interface": "",
                            "private_ip": "",
                            "public_ip": "63.32.195.202",
                            "tags.%": "1",
                            "tags.Name": "openfaas",
                            "vpc": "true"
                        },
                        "meta": {
                            "e2bfb730-ecaa-11e6-8f88-34363bc7c4c0": {
                                "delete": 180000000000,
                                "read": 900000000000,
                                "update": 300000000000
                            }
                        },
                        "tainted": false
                    },
                    "deposed": [],
                    "provider": "provider.aws"
                },
                "aws_eip.nat.2": {
                    "type": "aws_eip",
                    "depends_on": [],
                    "primary": {
                        "id": "eipalloc-03b397dce8354222a",
                        "attributes": {
                            "association_id": "",
                            "domain": "vpc",
                            "id": "eipalloc-03b397dce8354222a",
                            "instance": "",
                            "network_interface": "",
                            "private_ip": "",
                            "public_ip": "54.194.108.203",
                            "tags.%": "1",
                            "tags.Name": "openfaas",
                            "vpc": "true"
                        },
                        "meta": {
                            "e2bfb730-ecaa-11e6-8f88-34363bc7c4c0": {
                                "delete": 180000000000,
                                "read": 900000000000,
                                "update": 300000000000
                            }
                        },
                        "tainted": false
                    },
                    "deposed": [],
                    "provider": "provider.aws"
                },
                "aws_iam_role.alertmanager_role": {
                    "type": "aws_iam_role",
                    "depends_on": [],
                    "primary": {
                        "id": "openfaas-alertmanager-provider-role",
                        "attributes": {
                            "arn": "arn:aws:iam::122668425727:role/openfaas-alertmanager-provider-role",
                            "assume_role_policy": "{\"Version\":\"2008-10-17\",\"Statement\":[{\"Effect\":\"Allow\",\"Principal\":{\"Service\":[\"ecs-tasks.amazonaws.com\",\"ecs.amazonaws.com\"]},\"Action\":\"sts:AssumeRole\"}]}",
                            "create_date": "2018-11-10T09:42:21Z",
                            "description": "",
                            "force_detach_policies": "false",
                            "id": "openfaas-alertmanager-provider-role",
                            "max_session_duration": "3600",
                            "name": "openfaas-alertmanager-provider-role",
                            "path": "/",
                            "unique_id": "AROAJ3QD4FOYG2BCRTUBK"
                        },
                        "meta": {},
                        "tainted": false
                    },
                    "deposed": [],
                    "provider": "provider.aws"
                },
                "aws_iam_role.ecs_role": {
                    "type": "aws_iam_role",
                    "depends_on": [],
                    "primary": {
                        "id": "terraform-20181110094218588600000001",
                        "attributes": {
                            "arn": "arn:aws:iam::122668425727:role/terraform-20181110094218588600000001",
                            "assume_role_policy": "{\"Version\":\"2008-10-17\",\"Statement\":[{\"Effect\":\"Allow\",\"Principal\":{\"Service\":[\"ecs.amazonaws.com\",\"ecs-tasks.amazonaws.com\"]},\"Action\":\"sts:AssumeRole\"}]}",
                            "create_date": "2018-11-10T09:42:20Z",
                            "description": "",
                            "force_detach_policies": "false",
                            "id": "terraform-20181110094218588600000001",
                            "max_session_duration": "3600",
                            "name": "terraform-20181110094218588600000001",
                            "path": "/",
                            "unique_id": "AROAIUZEWA3PNHHLKQM2Y"
                        },
                        "meta": {},
                        "tainted": false
                    },
                    "deposed": [],
                    "provider": "provider.aws"
                },
                "aws_iam_role.gateway_role": {
                    "type": "aws_iam_role",
                    "depends_on": [],
                    "primary": {
                        "id": "openfaas-gateway-role",
                        "attributes": {
                            "arn": "arn:aws:iam::122668425727:role/openfaas-gateway-role",
                            "assume_role_policy": "{\"Version\":\"2008-10-17\",\"Statement\":[{\"Effect\":\"Allow\",\"Principal\":{\"Service\":[\"ecs.amazonaws.com\",\"ecs-tasks.amazonaws.com\"]},\"Action\":\"sts:AssumeRole\"}]}",
                            "create_date": "2018-11-10T09:42:23Z",
                            "description": "",
                            "force_detach_policies": "false",
                            "id": "openfaas-gateway-role",
                            "max_session_duration": "3600",
                            "name": "openfaas-gateway-role",
                            "path": "/",
                            "unique_id": "AROAIG73CJTR66PWA57QQ"
                        },
                        "meta": {},
                        "tainted": false
                    },
                    "deposed": [],
                    "provider": "provider.aws"
                },
                "aws_iam_role.prometheus_role": {
                    "type": "aws_iam_role",
                    "depends_on": [],
                    "primary": {
                        "id": "openfaas-prometheus-provider-role",
                        "attributes": {
                            "arn": "arn:aws:iam::122668425727:role/openfaas-prometheus-provider-role",
                            "assume_role_policy": "{\"Version\":\"2008-10-17\",\"Statement\":[{\"Effect\":\"Allow\",\"Principal\":{\"Service\":[\"ecs.amazonaws.com\",\"ecs-tasks.amazonaws.com\"]},\"Action\":\"sts:AssumeRole\"}]}",
                            "create_date": "2018-11-10T09:42:20Z",
                            "description": "",
                            "force_detach_policies": "false",
                            "id": "openfaas-prometheus-provider-role",
                            "max_session_duration": "3600",
                            "name": "openfaas-prometheus-provider-role",
                            "path": "/",
                            "unique_id": "AROAI6LQRVUNFG7XKSBX4"
                        },
                        "meta": {},
                        "tainted": false
                    },
                    "deposed": [],
                    "provider": "provider.aws"
                },
                "aws_iam_role_policy.alertmanager_role_policy": {
                    "type": "aws_iam_role_policy",
                    "depends_on": [
                        "aws_iam_role.alertmanager_role"
                    ],
                    "primary": {
                        "id": "openfaas-alertmanager-provider-role:openfaas-alertmanager-role-policy",
                        "attributes": {
                            "id": "openfaas-alertmanager-provider-role:openfaas-alertmanager-role-policy",
                            "name": "openfaas-alertmanager-role-policy",
                            "policy": "{\n  \"Version\": \"2012-10-17\",\n  \"Statement\": [\n    {\n    \"Effect\": \"Allow\",\n    \"Action\": [\n        \"logs:CreateLogGroup\",\n        \"logs:CreateLogStream\",\n        \"logs:PutLogEvents\",\n        \"logs:DescribeLogStreams\"\n    ],\n    \"Resource\": \"arn:aws:logs:*:*:*\"\n}\n\n  ]\n}\n",
                            "role": "openfaas-alertmanager-provider-role"
                        },
                        "meta": {},
                        "tainted": false
                    },
                    "deposed": [],
                    "provider": "provider.aws"
                },
                "aws_iam_role_policy.ecs_role_policy": {
                    "type": "aws_iam_role_policy",
                    "depends_on": [
                        "aws_iam_role.ecs_role"
                    ],
                    "primary": {
                        "id": "terraform-20181110094218588600000001:openfaas-task-role",
                        "attributes": {
                            "id": "terraform-20181110094218588600000001:openfaas-task-role",
                            "name": "openfaas-task-role",
                            "policy": "{\n  \"Version\": \"2012-10-17\",\n  \"Statement\": [\n    {\n    \"Effect\": \"Allow\",\n    \"Action\": [\n        \"logs:CreateLogGroup\",\n        \"logs:CreateLogStream\",\n        \"logs:PutLogEvents\",\n        \"logs:DescribeLogStreams\"\n    ],\n    \"Resource\": \"arn:aws:logs:*:*:*\"\n}\n\n  ]\n}\n",
                            "role": "terraform-20181110094218588600000001"
                        },
                        "meta": {},
                        "tainted": false
                    },
                    "deposed": [],
                    "provider": "provider.aws"
                },
                "aws_iam_role_policy.gateway_role_policy": {
                    "type": "aws_iam_role_policy",
                    "depends_on": [
                        "aws_iam_role.gateway_role",
                        "aws_secretsmanager_secret.basic_auth_password",
                        "aws_secretsmanager_secret.basic_auth_user"
                    ],
                    "primary": {
                        "id": "openfaas-gateway-role:openfaas-gateway-role-policy",
                        "attributes": {
                            "id": "openfaas-gateway-role:openfaas-gateway-role-policy",
                            "name": "openfaas-gateway-role-policy",
                            "policy": "{\n  \"Version\": \"2012-10-17\",\n  \"Statement\": [\n    {\n    \"Effect\": \"Allow\",\n    \"Action\": [\n        \"logs:CreateLogGroup\",\n        \"logs:CreateLogStream\",\n        \"logs:PutLogEvents\",\n        \"logs:DescribeLogStreams\"\n    ],\n    \"Resource\": \"arn:aws:logs:*:*:*\"\n}\n,\n    {\n        \"Effect\": \"Allow\",\n        \"Action\": [\n            \"secretsmanager:GetSecretValue\",\n            \"secretsmanager:DescribeSecret\"\n        ],\n        \"Resource\": [\n            \"arn:aws:secretsmanager:eu-west-1:122668425727:secret:basic-auth-user-vE0Q04\",\n            \"arn:aws:secretsmanager:eu-west-1:122668425727:secret:basic-auth-password-TlGics\",\n            \"arn:aws:secretsmanager:*:*:secret:openfaas-*\"\n        ]\n    },\n    {\n        \"Effect\": \"Allow\",\n        \"Action\": [\n            \"iam:CreateRole\",\n            \"iam:PutRolePolicy\"\n        ],\n        \"Resource\": [\n            \"arn:aws:iam::*:role/openfaas-*\"\n        ]\n    },\n    {\n        \"Effect\": \"Allow\",\n        \"Action\": [\n            \"iam:PassRole\"\n        ],\n        \"Resource\": [\n            \"*\"\n        ]\n    },\n    {\n      \"Effect\": \"Allow\",\n      \"Action\": [\n        \"ecs:*\"\n      ],\n      \"Resource\": [\n        \"*\"\n      ]\n    },\n    {\n      \"Effect\": \"Allow\",\n      \"Action\": [\n        \"ec2:DescribeVpcs\",\n        \"ec2:DescribeSubnets\"\n      ],\n      \"Resource\": [\n        \"*\"\n      ]\n    },\n    {\n      \"Effect\": \"Allow\",\n      \"Action\": [\n        \"servicediscovery:*\"\n      ],\n      \"Resource\": [\n        \"*\"\n      ]\n    }\n  ]\n}\n",
                            "role": "openfaas-gateway-role"
                        },
                        "meta": {},
                        "tainted": false
                    },
                    "deposed": [],
                    "provider": "provider.aws"
                },
                "aws_iam_role_policy.prometheus_role_policy": {
                    "type": "aws_iam_role_policy",
                    "depends_on": [
                        "aws_iam_role.prometheus_role"
                    ],
                    "primary": {
                        "id": "openfaas-prometheus-provider-role:openfaas-prometheus-role-policy",
                        "attributes": {
                            "id": "openfaas-prometheus-provider-role:openfaas-prometheus-role-policy",
                            "name": "openfaas-prometheus-role-policy",
                            "policy": "{\n  \"Version\": \"2012-10-17\",\n  \"Statement\": [\n    {\n    \"Effect\": \"Allow\",\n    \"Action\": [\n        \"logs:CreateLogGroup\",\n        \"logs:CreateLogStream\",\n        \"logs:PutLogEvents\",\n        \"logs:DescribeLogStreams\"\n    ],\n    \"Resource\": \"arn:aws:logs:*:*:*\"\n}\n\n  ]\n}\n",
                            "role": "openfaas-prometheus-provider-role"
                        },
                        "meta": {},
                        "tainted": false
                    },
                    "deposed": [],
                    "provider": "provider.aws"
                },
                "aws_iam_server_certificate.self_signed": {
                    "type": "aws_iam_server_certificate",
                    "depends_on": [
                        "random_string.name",
                        "tls_private_key.main",
                        "tls_self_signed_cert.main"
                    ],
                    "primary": {
                        "id": "ASCAIR2HJD4RKEZ7PYBUI",
                        "attributes": {
                            "arn": "arn:aws:iam::122668425727:server-certificate/example_self_signed_cert_2YxIQ7",
                            "certificate_body": "5ae32757611c5b05a498ece5843d460e1f5b2f2e",
                            "id": "ASCAIR2HJD4RKEZ7PYBUI",
                            "name": "example_self_signed_cert_2YxIQ7",
                            "path": "/",
                            "private_key": "84a6c630a8ea454a78d3d5ac75711650f51203de"
                        },
                        "meta": {},
                        "tainted": false
                    },
                    "deposed": [],
                    "provider": "provider.aws"
                },
                "aws_instance.bastion": {
                    "type": "aws_instance",
                    "depends_on": [
                        "aws_internet_gateway.default",
                        "aws_key_pair.bastion_ssh",
                        "aws_security_group.bastion",
                        "aws_subnet.external.*",
                        "module.bastion_ami"
                    ],
                    "primary": {
                        "id": "i-05f68034820b577de",
                        "attributes": {
                            "ami": "ami-0af844a965e5738db",
                            "arn": "arn:aws:ec2:eu-west-1:122668425727:instance/i-05f68034820b577de",
                            "associate_public_ip_address": "true",
                            "availability_zone": "eu-west-1a",
                            "cpu_core_count": "1",
                            "cpu_threads_per_core": "1",
                            "credit_specification.#": "1",
                            "credit_specification.0.cpu_credits": "standard",
                            "disable_api_termination": "false",
                            "ebs_block_device.#": "1",
                            "ebs_block_device.504524833.delete_on_termination": "true",
                            "ebs_block_device.504524833.device_name": "/dev/xvdcz",
                            "ebs_block_device.504524833.encrypted": "false",
                            "ebs_block_device.504524833.iops": "100",
                            "ebs_block_device.504524833.snapshot_id": "",
                            "ebs_block_device.504524833.volume_id": "vol-038b0797654f3928d",
                            "ebs_block_device.504524833.volume_size": "22",
                            "ebs_block_device.504524833.volume_type": "gp2",
                            "ebs_optimized": "false",
                            "ephemeral_block_device.#": "0",
                            "get_password_data": "false",
                            "iam_instance_profile": "",
                            "id": "i-05f68034820b577de",
                            "instance_state": "running",
                            "instance_type": "t2.micro",
                            "ipv6_addresses.#": "0",
                            "key_name": "openfaas",
                            "monitoring": "true",
                            "network_interface.#": "0",
                            "network_interface_id": "eni-09ad380a540def8d5",
                            "password_data": "",
                            "placement_group": "",
                            "primary_network_interface_id": "eni-09ad380a540def8d5",
                            "private_dns": "ip-10-0-1-85.eu-west-1.compute.internal",
                            "private_ip": "10.0.1.85",
                            "public_dns": "ec2-34-241-103-203.eu-west-1.compute.amazonaws.com",
                            "public_ip": "34.241.103.203",
                            "root_block_device.#": "1",
                            "root_block_device.0.delete_on_termination": "true",
                            "root_block_device.0.iops": "100",
                            "root_block_device.0.volume_id": "vol-0083d7caa9f7ddfca",
                            "root_block_device.0.volume_size": "8",
                            "root_block_device.0.volume_type": "gp2",
                            "security_groups.#": "0",
                            "source_dest_check": "false",
                            "subnet_id": "subnet-0f5145dbcb9b3fe11",
                            "tags.%": "1",
                            "tags.Name": "openfaas-bastion",
                            "tenancy": "default",
                            "volume_tags.%": "0",
                            "vpc_security_group_ids.#": "1",
                            "vpc_security_group_ids.3973987975": "sg-0466668bdc8c14dd1"
                        },
                        "meta": {
                            "e2bfb730-ecaa-11e6-8f88-34363bc7c4c0": {
                                "create": 600000000000,
                                "delete": 1200000000000,
                                "update": 600000000000
                            },
                            "schema_version": "1"
                        },
                        "tainted": false
                    },
                    "deposed": [],
                    "provider": "provider.aws"
                },
                "aws_instance.service": {
                    "type": "aws_instance",
                    "depends_on": [
                        "aws_key_pair.bastion_ssh",
                        "aws_nat_gateway.default",
                        "aws_security_group.service",
                        "aws_subnet.internal.*",
                        "module.bastion_ami"
                    ],
                    "primary": {
                        "id": "i-0426c0fb35dec141e",
                        "attributes": {
                            "ami": "ami-0af844a965e5738db",
                            "arn": "arn:aws:ec2:eu-west-1:122668425727:instance/i-0426c0fb35dec141e",
                            "associate_public_ip_address": "false",
                            "availability_zone": "eu-west-1a",
                            "cpu_core_count": "1",
                            "cpu_threads_per_core": "1",
                            "credit_specification.#": "1",
                            "credit_specification.0.cpu_credits": "standard",
                            "disable_api_termination": "false",
                            "ebs_block_device.#": "1",
                            "ebs_block_device.504524833.delete_on_termination": "true",
                            "ebs_block_device.504524833.device_name": "/dev/xvdcz",
                            "ebs_block_device.504524833.encrypted": "false",
                            "ebs_block_device.504524833.iops": "100",
                            "ebs_block_device.504524833.snapshot_id": "",
                            "ebs_block_device.504524833.volume_id": "vol-049403ae013c329ce",
                            "ebs_block_device.504524833.volume_size": "22",
                            "ebs_block_device.504524833.volume_type": "gp2",
                            "ebs_optimized": "false",
                            "ephemeral_block_device.#": "0",
                            "get_password_data": "false",
                            "iam_instance_profile": "",
                            "id": "i-0426c0fb35dec141e",
                            "instance_state": "running",
                            "instance_type": "t2.micro",
                            "ipv6_addresses.#": "0",
                            "key_name": "openfaas",
                            "monitoring": "true",
                            "network_interface.#": "0",
                            "network_interface_id": "eni-0d4bf2eefde54caff",
                            "password_data": "",
                            "placement_group": "",
                            "primary_network_interface_id": "eni-0d4bf2eefde54caff",
                            "private_dns": "ip-10-0-4-188.eu-west-1.compute.internal",
                            "private_ip": "10.0.4.188",
                            "public_dns": "",
                            "public_ip": "",
                            "root_block_device.#": "1",
                            "root_block_device.0.delete_on_termination": "true",
                            "root_block_device.0.iops": "100",
                            "root_block_device.0.volume_id": "vol-0e8ec8647324c77aa",
                            "root_block_device.0.volume_size": "8",
                            "root_block_device.0.volume_type": "gp2",
                            "security_groups.#": "0",
                            "source_dest_check": "false",
                            "subnet_id": "subnet-0b8c1409a7f813add",
                            "tags.%": "1",
                            "tags.Name": "openfaas-service",
                            "tenancy": "default",
                            "volume_tags.%": "0",
                            "vpc_security_group_ids.#": "1",
                            "vpc_security_group_ids.1182424907": "sg-0b3512365b3fc9ff7"
                        },
                        "meta": {
                            "e2bfb730-ecaa-11e6-8f88-34363bc7c4c0": {
                                "create": 600000000000,
                                "delete": 1200000000000,
                                "update": 600000000000
                            },
                            "schema_version": "1"
                        },
                        "tainted": false
                    },
                    "deposed": [],
                    "provider": "provider.aws"
                },
                "aws_internet_gateway.default": {
                    "type": "aws_internet_gateway",
                    "depends_on": [
                        "aws_vpc.default"
                    ],
                    "primary": {
                        "id": "igw-0b4c305c5047ba3be",
                        "attributes": {
                            "id": "igw-0b4c305c5047ba3be",
                            "tags.%": "1",
                            "tags.Name": "openfaas",
                            "vpc_id": "vpc-0d38ed6594c9167a8"
                        },
                        "meta": {},
                        "tainted": false
                    },
                    "deposed": [],
                    "provider": "provider.aws"
                },
                "aws_key_pair.bastion_ssh": {
                    "type": "aws_key_pair",
                    "depends_on": [],
                    "primary": {
                        "id": "openfaas",
                        "attributes": {
                            "fingerprint": "3d:3a:de:40:b8:27:f5:49:a0:ab:70:02:19:f4:b8:e4",
                            "id": "openfaas",
                            "key_name": "openfaas",
                            "public_key": "ssh-rsa AAAAB3NzaC1yc2EAAAADAQABAAABAQDaKVAc0qzyr3AwxlfB4IGH6jK/gwYJn+lJaleu5S4QKdywCf+E0vl2LbIqdb2q/knT+Y0TT/j39cktVI5T26urV/g3z7KFO4qGJhfGo7JmHUdWqtWbr9GUD8ZPQuDcN4Lh0GzgOTyw+jCnKRnlTsTPnujACFnVBYEcVnmrwDNTB4jV9SQGmuysZIy2eNH7u+8vOUae+QKu4VYkFUTNV5F0thSWvuNpTYOOj2kzVuYQCiMIKuM3W0/F8Q7GuyXod8UGjC2e6rCU4a7nNnRJIA5M/3WDfLOTcpJoCuhhHljSHN4xYxmRK6InnU/PfVPlFnqKw822NStTOLhvOZh2wKKH ewilde@Edwards-MacBook-Pro.local"
                        },
                        "meta": {
                            "schema_version": "1"
                        },
                        "tainted": false
                    },
                    "deposed": [],
                    "provider": "provider.aws"
                },
                "aws_lb.openfaas": {
                    "type": "aws_lb",
                    "depends_on": [
                        "aws_security_group.alb",
                        "aws_subnet.external.*"
                    ],
                    "primary": {
                        "id": "arn:aws:elasticloadbalancing:eu-west-1:122668425727:loadbalancer/app/openfaas/35a7f7b51e45819a",
                        "attributes": {
                            "access_logs.#": "1",
                            "access_logs.0.bucket": "ewilde-logs",
                            "access_logs.0.enabled": "true",
                            "access_logs.0.prefix": "",
                            "arn": "arn:aws:elasticloadbalancing:eu-west-1:122668425727:loadbalancer/app/openfaas/35a7f7b51e45819a",
                            "arn_suffix": "app/openfaas/35a7f7b51e45819a",
                            "dns_name": "openfaas-283163690.eu-west-1.elb.amazonaws.com",
                            "enable_deletion_protection": "false",
                            "enable_http2": "true",
                            "id": "arn:aws:elasticloadbalancing:eu-west-1:122668425727:loadbalancer/app/openfaas/35a7f7b51e45819a",
                            "idle_timeout": "60",
                            "internal": "false",
                            "ip_address_type": "ipv4",
                            "load_balancer_type": "application",
                            "name": "openfaas",
                            "security_groups.#": "1",
                            "security_groups.3148771377": "sg-0db99cee3ff1e7648",
                            "subnet_mapping.#": "0",
                            "subnets.#": "3",
                            "subnets.1817449938": "subnet-0f5145dbcb9b3fe11",
                            "subnets.1947457034": "subnet-017a1ea0dd4c36cc1",
                            "subnets.2390528541": "subnet-0cc8ce11c5d8f5d4e",
                            "tags.%": "0",
                            "vpc_id": "vpc-0d38ed6594c9167a8",
                            "zone_id": "Z32O12XQLNTSW2"
                        },
                        "meta": {
                            "e2bfb730-ecaa-11e6-8f88-34363bc7c4c0": {
                                "create": 600000000000,
                                "delete": 600000000000,
                                "update": 600000000000
                            }
                        },
                        "tainted": false
                    },
                    "deposed": [],
                    "provider": "provider.aws"
                },
                "aws_lb_listener.prometheus": {
                    "type": "aws_lb_listener",
                    "depends_on": [
                        "aws_lb.openfaas",
                        "aws_lb_target_group.prometheus"
                    ],
                    "primary": {
                        "id": "arn:aws:elasticloadbalancing:eu-west-1:122668425727:listener/app/openfaas/35a7f7b51e45819a/9d5e50fe62a6dd34",
                        "attributes": {
                            "arn": "arn:aws:elasticloadbalancing:eu-west-1:122668425727:listener/app/openfaas/35a7f7b51e45819a/9d5e50fe62a6dd34",
                            "default_action.#": "1",
                            "default_action.0.authenticate_cognito.#": "0",
                            "default_action.0.authenticate_oidc.#": "0",
                            "default_action.0.fixed_response.#": "0",
                            "default_action.0.order": "1",
                            "default_action.0.redirect.#": "0",
                            "default_action.0.target_group_arn": "arn:aws:elasticloadbalancing:eu-west-1:122668425727:targetgroup/openfaas-prometheus/daf449f386f8cedb",
                            "default_action.0.type": "forward",
                            "id": "arn:aws:elasticloadbalancing:eu-west-1:122668425727:listener/app/openfaas/35a7f7b51e45819a/9d5e50fe62a6dd34",
                            "load_balancer_arn": "arn:aws:elasticloadbalancing:eu-west-1:122668425727:loadbalancer/app/openfaas/35a7f7b51e45819a",
                            "port": "9090",
                            "protocol": "HTTP",
                            "ssl_policy": ""
                        },
                        "meta": {
                            "e2bfb730-ecaa-11e6-8f88-34363bc7c4c0": {
                                "read": 600000000000
                            }
                        },
                        "tainted": false
                    },
                    "deposed": [],
                    "provider": "provider.aws"
                },
                "aws_lb_target_group.gateway": {
                    "type": "aws_lb_target_group",
                    "depends_on": [
                        "aws_vpc.default"
                    ],
                    "primary": {
                        "id": "arn:aws:elasticloadbalancing:eu-west-1:122668425727:targetgroup/openfaas-gateway/a68a75dedc56a5c9",
                        "attributes": {
                            "arn": "arn:aws:elasticloadbalancing:eu-west-1:122668425727:targetgroup/openfaas-gateway/a68a75dedc56a5c9",
                            "arn_suffix": "targetgroup/openfaas-gateway/a68a75dedc56a5c9",
                            "deregistration_delay": "300",
                            "health_check.#": "1",
                            "health_check.0.healthy_threshold": "3",
                            "health_check.0.interval": "30",
                            "health_check.0.matcher": "200",
                            "health_check.0.path": "/healthz",
                            "health_check.0.port": "traffic-port",
                            "health_check.0.protocol": "HTTP",
                            "health_check.0.timeout": "5",
                            "health_check.0.unhealthy_threshold": "3",
                            "id": "arn:aws:elasticloadbalancing:eu-west-1:122668425727:targetgroup/openfaas-gateway/a68a75dedc56a5c9",
                            "name": "openfaas-gateway",
                            "port": "8080",
                            "protocol": "HTTP",
                            "proxy_protocol_v2": "false",
                            "slow_start": "0",
                            "stickiness.#": "1",
                            "stickiness.0.cookie_duration": "86400",
                            "stickiness.0.enabled": "false",
                            "stickiness.0.type": "lb_cookie",
                            "tags.%": "0",
                            "target_type": "ip",
                            "vpc_id": "vpc-0d38ed6594c9167a8"
                        },
                        "meta": {},
                        "tainted": false
                    },
                    "deposed": [],
                    "provider": "provider.aws"
                },
                "aws_lb_target_group.prometheus": {
                    "type": "aws_lb_target_group",
                    "depends_on": [
                        "aws_vpc.default"
                    ],
                    "primary": {
                        "id": "arn:aws:elasticloadbalancing:eu-west-1:122668425727:targetgroup/openfaas-prometheus/daf449f386f8cedb",
                        "attributes": {
                            "arn": "arn:aws:elasticloadbalancing:eu-west-1:122668425727:targetgroup/openfaas-prometheus/daf449f386f8cedb",
                            "arn_suffix": "targetgroup/openfaas-prometheus/daf449f386f8cedb",
                            "deregistration_delay": "300",
                            "health_check.#": "1",
                            "health_check.0.healthy_threshold": "3",
                            "health_check.0.interval": "30",
                            "health_check.0.matcher": "200",
                            "health_check.0.path": "/graph",
                            "health_check.0.port": "traffic-port",
                            "health_check.0.protocol": "HTTP",
                            "health_check.0.timeout": "5",
                            "health_check.0.unhealthy_threshold": "3",
                            "id": "arn:aws:elasticloadbalancing:eu-west-1:122668425727:targetgroup/openfaas-prometheus/daf449f386f8cedb",
                            "name": "openfaas-prometheus",
                            "port": "9090",
                            "protocol": "HTTP",
                            "proxy_protocol_v2": "false",
                            "slow_start": "0",
                            "stickiness.#": "1",
                            "stickiness.0.cookie_duration": "86400",
                            "stickiness.0.enabled": "false",
                            "stickiness.0.type": "lb_cookie",
                            "tags.%": "0",
                            "target_type": "ip",
                            "vpc_id": "vpc-0d38ed6594c9167a8"
                        },
                        "meta": {},
                        "tainted": false
                    },
                    "deposed": [],
                    "provider": "provider.aws"
                },
                "aws_nat_gateway.default.0": {
                    "type": "aws_nat_gateway",
                    "depends_on": [
                        "aws_eip.nat.*",
                        "aws_subnet.external.*"
                    ],
                    "primary": {
                        "id": "nat-05327662974b4a012",
                        "attributes": {
                            "allocation_id": "eipalloc-0613c685bccfa93af",
                            "id": "nat-05327662974b4a012",
                            "network_interface_id": "eni-0a4abf376dadc40ed",
                            "private_ip": "10.0.1.126",
                            "public_ip": "52.50.34.248",
                            "subnet_id": "subnet-0f5145dbcb9b3fe11",
                            "tags.%": "1",
                            "tags.Name": "openfaas"
                        },
                        "meta": {},
                        "tainted": false
                    },
                    "deposed": [],
                    "provider": "provider.aws"
                },
                "aws_nat_gateway.default.1": {
                    "type": "aws_nat_gateway",
                    "depends_on": [
                        "aws_eip.nat.*",
                        "aws_subnet.external.*"
                    ],
                    "primary": {
                        "id": "nat-0d56b5a389bc25083",
                        "attributes": {
                            "allocation_id": "eipalloc-025eaa68330792bd6",
                            "id": "nat-0d56b5a389bc25083",
                            "network_interface_id": "eni-083ca2909d1e00b25",
                            "private_ip": "10.0.2.183",
                            "public_ip": "63.32.195.202",
                            "subnet_id": "subnet-0cc8ce11c5d8f5d4e",
                            "tags.%": "1",
                            "tags.Name": "openfaas"
                        },
                        "meta": {},
                        "tainted": false
                    },
                    "deposed": [],
                    "provider": "provider.aws"
                },
                "aws_nat_gateway.default.2": {
                    "type": "aws_nat_gateway",
                    "depends_on": [
                        "aws_eip.nat.*",
                        "aws_subnet.external.*"
                    ],
                    "primary": {
                        "id": "nat-057aceb83517cb252",
                        "attributes": {
                            "allocation_id": "eipalloc-03b397dce8354222a",
                            "id": "nat-057aceb83517cb252",
                            "network_interface_id": "eni-0dc2c3950b35c9e0c",
                            "private_ip": "10.0.3.171",
                            "public_ip": "54.194.108.203",
                            "subnet_id": "subnet-017a1ea0dd4c36cc1",
                            "tags.%": "1",
                            "tags.Name": "openfaas"
                        },
                        "meta": {},
                        "tainted": false
                    },
                    "deposed": [],
                    "provider": "provider.aws"
                },
                "aws_route.external.0": {
                    "type": "aws_route",
                    "depends_on": [
                        "aws_internet_gateway.default",
                        "aws_route_table.external.*"
                    ],
                    "primary": {
                        "id": "r-rtb-019567570d9be35a11080289494",
                        "attributes": {
                            "destination_cidr_block": "0.0.0.0/0",
                            "destination_prefix_list_id": "",
                            "egress_only_gateway_id": "",
                            "gateway_id": "igw-0b4c305c5047ba3be",
                            "id": "r-rtb-019567570d9be35a11080289494",
                            "instance_id": "",
                            "instance_owner_id": "",
                            "nat_gateway_id": "",
                            "network_interface_id": "",
                            "origin": "CreateRoute",
                            "route_table_id": "rtb-019567570d9be35a1",
                            "state": "active",
                            "vpc_peering_connection_id": ""
                        },
                        "meta": {
                            "e2bfb730-ecaa-11e6-8f88-34363bc7c4c0": {
                                "create": 120000000000,
                                "delete": 300000000000
                            }
                        },
                        "tainted": false
                    },
                    "deposed": [],
                    "provider": "provider.aws"
                },
                "aws_route.external.1": {
                    "type": "aws_route",
                    "depends_on": [
                        "aws_internet_gateway.default",
                        "aws_route_table.external.*"
                    ],
                    "primary": {
                        "id": "r-rtb-0951e1c7723d856dd1080289494",
                        "attributes": {
                            "destination_cidr_block": "0.0.0.0/0",
                            "destination_prefix_list_id": "",
                            "egress_only_gateway_id": "",
                            "gateway_id": "igw-0b4c305c5047ba3be",
                            "id": "r-rtb-0951e1c7723d856dd1080289494",
                            "instance_id": "",
                            "instance_owner_id": "",
                            "nat_gateway_id": "",
                            "network_interface_id": "",
                            "origin": "CreateRoute",
                            "route_table_id": "rtb-0951e1c7723d856dd",
                            "state": "active",
                            "vpc_peering_connection_id": ""
                        },
                        "meta": {
                            "e2bfb730-ecaa-11e6-8f88-34363bc7c4c0": {
                                "create": 120000000000,
                                "delete": 300000000000
                            }
                        },
                        "tainted": false
                    },
                    "deposed": [],
                    "provider": "provider.aws"
                },
                "aws_route.external.2": {
                    "type": "aws_route",
                    "depends_on": [
                        "aws_internet_gateway.default",
                        "aws_route_table.external.*"
                    ],
                    "primary": {
                        "id": "r-rtb-0e242e46579df1d9e1080289494",
                        "attributes": {
                            "destination_cidr_block": "0.0.0.0/0",
                            "destination_prefix_list_id": "",
                            "egress_only_gateway_id": "",
                            "gateway_id": "igw-0b4c305c5047ba3be",
                            "id": "r-rtb-0e242e46579df1d9e1080289494",
                            "instance_id": "",
                            "instance_owner_id": "",
                            "nat_gateway_id": "",
                            "network_interface_id": "",
                            "origin": "CreateRoute",
                            "route_table_id": "rtb-0e242e46579df1d9e",
                            "state": "active",
                            "vpc_peering_connection_id": ""
                        },
                        "meta": {
                            "e2bfb730-ecaa-11e6-8f88-34363bc7c4c0": {
                                "create": 120000000000,
                                "delete": 300000000000
                            }
                        },
                        "tainted": false
                    },
                    "deposed": [],
                    "provider": "provider.aws"
                },
                "aws_route.internal.0": {
                    "type": "aws_route",
                    "depends_on": [
                        "aws_nat_gateway.default.*",
                        "aws_route_table.internal.*"
                    ],
                    "primary": {
                        "id": "r-rtb-0b371ad92505628081080289494",
                        "attributes": {
                            "destination_cidr_block": "0.0.0.0/0",
                            "destination_prefix_list_id": "",
                            "egress_only_gateway_id": "",
                            "gateway_id": "",
                            "id": "r-rtb-0b371ad92505628081080289494",
                            "instance_id": "",
                            "instance_owner_id": "",
                            "nat_gateway_id": "nat-05327662974b4a012",
                            "network_interface_id": "",
                            "origin": "CreateRoute",
                            "route_table_id": "rtb-0b371ad9250562808",
                            "state": "active",
                            "vpc_peering_connection_id": ""
                        },
                        "meta": {
                            "e2bfb730-ecaa-11e6-8f88-34363bc7c4c0": {
                                "create": 120000000000,
                                "delete": 300000000000
                            }
                        },
                        "tainted": false
                    },
                    "deposed": [],
                    "provider": "provider.aws"
                },
                "aws_route.internal.1": {
                    "type": "aws_route",
                    "depends_on": [
                        "aws_nat_gateway.default.*",
                        "aws_route_table.internal.*"
                    ],
                    "primary": {
                        "id": "r-rtb-0a96051a55c9668a01080289494",
                        "attributes": {
                            "destination_cidr_block": "0.0.0.0/0",
                            "destination_prefix_list_id": "",
                            "egress_only_gateway_id": "",
                            "gateway_id": "",
                            "id": "r-rtb-0a96051a55c9668a01080289494",
                            "instance_id": "",
                            "instance_owner_id": "",
                            "nat_gateway_id": "nat-0d56b5a389bc25083",
                            "network_interface_id": "",
                            "origin": "CreateRoute",
                            "route_table_id": "rtb-0a96051a55c9668a0",
                            "state": "active",
                            "vpc_peering_connection_id": ""
                        },
                        "meta": {
                            "e2bfb730-ecaa-11e6-8f88-34363bc7c4c0": {
                                "create": 120000000000,
                                "delete": 300000000000
                            }
                        },
                        "tainted": false
                    },
                    "deposed": [],
                    "provider": "provider.aws"
                },
                "aws_route.internal.2": {
                    "type": "aws_route",
                    "depends_on": [
                        "aws_nat_gateway.default.*",
                        "aws_route_table.internal.*"
                    ],
                    "primary": {
                        "id": "r-rtb-081aefb5808a7e5d31080289494",
                        "attributes": {
                            "destination_cidr_block": "0.0.0.0/0",
                            "destination_prefix_list_id": "",
                            "egress_only_gateway_id": "",
                            "gateway_id": "",
                            "id": "r-rtb-081aefb5808a7e5d31080289494",
                            "instance_id": "",
                            "instance_owner_id": "",
                            "nat_gateway_id": "nat-057aceb83517cb252",
                            "network_interface_id": "",
                            "origin": "CreateRoute",
                            "route_table_id": "rtb-081aefb5808a7e5d3",
                            "state": "active",
                            "vpc_peering_connection_id": ""
                        },
                        "meta": {
                            "e2bfb730-ecaa-11e6-8f88-34363bc7c4c0": {
                                "create": 120000000000,
                                "delete": 300000000000
                            }
                        },
                        "tainted": false
                    },
                    "deposed": [],
                    "provider": "provider.aws"
                },
                "aws_route53_record.main": {
                    "type": "aws_route53_record",
                    "depends_on": [
                        "aws_lb.openfaas",
                        "aws_route53_zone.main"
                    ],
                    "primary": {
                        "id": "Z32K70MNP1VBSH_gateway_A",
                        "attributes": {
                            "alias.#": "1",
                            "alias.2615010512.evaluate_target_health": "false",
                            "alias.2615010512.name": "openfaas-283163690.eu-west-1.elb.amazonaws.com",
                            "alias.2615010512.zone_id": "Z32O12XQLNTSW2",
                            "allow_overwrite": "true",
                            "fqdn": "gateway.openfaas.12factor.io",
                            "id": "Z32K70MNP1VBSH_gateway_A",
                            "name": "gateway",
                            "type": "A",
                            "zone_id": "Z32K70MNP1VBSH"
                        },
                        "meta": {
                            "schema_version": "2"
                        },
                        "tainted": false
                    },
                    "deposed": [],
                    "provider": "provider.aws"
                },
                "aws_route53_zone.main": {
                    "type": "aws_route53_zone",
                    "depends_on": [],
                    "primary": {
                        "id": "Z32K70MNP1VBSH",
                        "attributes": {
                            "comment": "Managed by Terraform",
                            "force_destroy": "false",
                            "id": "Z32K70MNP1VBSH",
                            "name": "openfaas.12factor.io",
                            "name_servers.#": "4",
                            "name_servers.0": "ns-1287.awsdns-32.org",
                            "name_servers.1": "ns-1691.awsdns-19.co.uk",
                            "name_servers.2": "ns-29.awsdns-03.com",
                            "name_servers.3": "ns-930.awsdns-52.net",
                            "tags.%": "0",
                            "zone_id": "Z32K70MNP1VBSH"
                        },
                        "meta": {},
                        "tainted": false
                    },
                    "deposed": [],
                    "provider": "provider.aws"
                },
                "aws_route_table.external.0": {
                    "type": "aws_route_table",
                    "depends_on": [
                        "aws_vpc.default"
                    ],
                    "primary": {
                        "id": "rtb-019567570d9be35a1",
                        "attributes": {
                            "id": "rtb-019567570d9be35a1",
                            "propagating_vgws.#": "0",
                            "route.#": "0",
                            "tags.%": "1",
                            "tags.Name": "openfaas-external-001",
                            "vpc_id": "vpc-0d38ed6594c9167a8"
                        },
                        "meta": {},
                        "tainted": false
                    },
                    "deposed": [],
                    "provider": "provider.aws"
                },
                "aws_route_table.external.1": {
                    "type": "aws_route_table",
                    "depends_on": [
                        "aws_vpc.default"
                    ],
                    "primary": {
                        "id": "rtb-0951e1c7723d856dd",
                        "attributes": {
                            "id": "rtb-0951e1c7723d856dd",
                            "propagating_vgws.#": "0",
                            "route.#": "0",
                            "tags.%": "1",
                            "tags.Name": "openfaas-external-002",
                            "vpc_id": "vpc-0d38ed6594c9167a8"
                        },
                        "meta": {},
                        "tainted": false
                    },
                    "deposed": [],
                    "provider": "provider.aws"
                },
                "aws_route_table.external.2": {
                    "type": "aws_route_table",
                    "depends_on": [
                        "aws_vpc.default"
                    ],
                    "primary": {
                        "id": "rtb-0e242e46579df1d9e",
                        "attributes": {
                            "id": "rtb-0e242e46579df1d9e",
                            "propagating_vgws.#": "0",
                            "route.#": "0",
                            "tags.%": "1",
                            "tags.Name": "openfaas-external-003",
                            "vpc_id": "vpc-0d38ed6594c9167a8"
                        },
                        "meta": {},
                        "tainted": false
                    },
                    "deposed": [],
                    "provider": "provider.aws"
                },
                "aws_route_table.internal.0": {
                    "type": "aws_route_table",
                    "depends_on": [
                        "aws_vpc.default"
                    ],
                    "primary": {
                        "id": "rtb-0b371ad9250562808",
                        "attributes": {
                            "id": "rtb-0b371ad9250562808",
                            "propagating_vgws.#": "0",
                            "route.#": "0",
                            "tags.%": "1",
                            "tags.Name": "openfaas-internal-001",
                            "vpc_id": "vpc-0d38ed6594c9167a8"
                        },
                        "meta": {},
                        "tainted": false
                    },
                    "deposed": [],
                    "provider": "provider.aws"
                },
                "aws_route_table.internal.1": {
                    "type": "aws_route_table",
                    "depends_on": [
                        "aws_vpc.default"
                    ],
                    "primary": {
                        "id": "rtb-0a96051a55c9668a0",
                        "attributes": {
                            "id": "rtb-0a96051a55c9668a0",
                            "propagating_vgws.#": "0",
                            "route.#": "0",
                            "tags.%": "1",
                            "tags.Name": "openfaas-internal-002",
                            "vpc_id": "vpc-0d38ed6594c9167a8"
                        },
                        "meta": {},
                        "tainted": false
                    },
                    "deposed": [],
                    "provider": "provider.aws"
                },
                "aws_route_table.internal.2": {
                    "type": "aws_route_table",
                    "depends_on": [
                        "aws_vpc.default"
                    ],
                    "primary": {
                        "id": "rtb-081aefb5808a7e5d3",
                        "attributes": {
                            "id": "rtb-081aefb5808a7e5d3",
                            "propagating_vgws.#": "0",
                            "route.#": "0",
                            "tags.%": "1",
                            "tags.Name": "openfaas-internal-003",
                            "vpc_id": "vpc-0d38ed6594c9167a8"
                        },
                        "meta": {},
                        "tainted": false
                    },
                    "deposed": [],
                    "provider": "provider.aws"
                },
                "aws_route_table_association.external.0": {
                    "type": "aws_route_table_association",
                    "depends_on": [
                        "aws_route_table.external.*",
                        "aws_subnet.external.*"
                    ],
                    "primary": {
                        "id": "rtbassoc-0ef1d32b20efc49ab",
                        "attributes": {
                            "id": "rtbassoc-0ef1d32b20efc49ab",
                            "route_table_id": "rtb-019567570d9be35a1",
                            "subnet_id": "subnet-0f5145dbcb9b3fe11"
                        },
                        "meta": {},
                        "tainted": false
                    },
                    "deposed": [],
                    "provider": "provider.aws"
                },
                "aws_route_table_association.external.1": {
                    "type": "aws_route_table_association",
                    "depends_on": [
                        "aws_route_table.external.*",
                        "aws_subnet.external.*"
                    ],
                    "primary": {
                        "id": "rtbassoc-014deb9cf6b1c8091",
                        "attributes": {
                            "id": "rtbassoc-014deb9cf6b1c8091",
                            "route_table_id": "rtb-0951e1c7723d856dd",
                            "subnet_id": "subnet-0cc8ce11c5d8f5d4e"
                        },
                        "meta": {},
                        "tainted": false
                    },
                    "deposed": [],
                    "provider": "provider.aws"
                },
                "aws_route_table_association.external.2": {
                    "type": "aws_route_table_association",
                    "depends_on": [
                        "aws_route_table.external.*",
                        "aws_subnet.external.*"
                    ],
                    "primary": {
                        "id": "rtbassoc-0175fcd89cb0a43b5",
                        "attributes": {
                            "id": "rtbassoc-0175fcd89cb0a43b5",
                            "route_table_id": "rtb-0e242e46579df1d9e",
                            "subnet_id": "subnet-017a1ea0dd4c36cc1"
                        },
                        "meta": {},
                        "tainted": false
                    },
                    "deposed": [],
                    "provider": "provider.aws"
                },
                "aws_route_table_association.internal.0": {
                    "type": "aws_route_table_association",
                    "depends_on": [
                        "aws_route_table.internal.*",
                        "aws_subnet.internal.*"
                    ],
                    "primary": {
                        "id": "rtbassoc-0f101ef1f1c869a29",
                        "attributes": {
                            "id": "rtbassoc-0f101ef1f1c869a29",
                            "route_table_id": "rtb-0b371ad9250562808",
                            "subnet_id": "subnet-0b8c1409a7f813add"
                        },
                        "meta": {},
                        "tainted": false
                    },
                    "deposed": [],
                    "provider": "provider.aws"
                },
                "aws_route_table_association.internal.1": {
                    "type": "aws_route_table_association",
                    "depends_on": [
                        "aws_route_table.internal.*",
                        "aws_subnet.internal.*"
                    ],
                    "primary": {
                        "id": "rtbassoc-0a60e3e25b436cf2c",
                        "attributes": {
                            "id": "rtbassoc-0a60e3e25b436cf2c",
                            "route_table_id": "rtb-0a96051a55c9668a0",
                            "subnet_id": "subnet-05c2b30564631bad3"
                        },
                        "meta": {},
                        "tainted": false
                    },
                    "deposed": [],
                    "provider": "provider.aws"
                },
                "aws_route_table_association.internal.2": {
                    "type": "aws_route_table_association",
                    "depends_on": [
                        "aws_route_table.internal.*",
                        "aws_subnet.internal.*"
                    ],
                    "primary": {
                        "id": "rtbassoc-06b9431339cab8747",
                        "attributes": {
                            "id": "rtbassoc-06b9431339cab8747",
                            "route_table_id": "rtb-081aefb5808a7e5d3",
                            "subnet_id": "subnet-0c06fa1aeaea42de3"
                        },
                        "meta": {},
                        "tainted": false
                    },
                    "deposed": [],
                    "provider": "provider.aws"
                },
                "aws_secretsmanager_secret.basic_auth_password": {
                    "type": "aws_secretsmanager_secret",
                    "depends_on": [],
                    "primary": {
                        "id": "arn:aws:secretsmanager:eu-west-1:122668425727:secret:basic-auth-password-TlGics",
                        "attributes": {
                            "arn": "arn:aws:secretsmanager:eu-west-1:122668425727:secret:basic-auth-password-TlGics",
                            "description": "",
                            "id": "arn:aws:secretsmanager:eu-west-1:122668425727:secret:basic-auth-password-TlGics",
                            "kms_key_id": "",
                            "name": "basic-auth-password",
                            "recovery_window_in_days": "0",
                            "rotation_enabled": "false",
                            "rotation_lambda_arn": "",
                            "rotation_rules.#": "0",
                            "tags.%": "0"
                        },
                        "meta": {},
                        "tainted": false
                    },
                    "deposed": [],
                    "provider": "provider.aws"
                },
                "aws_secretsmanager_secret.basic_auth_user": {
                    "type": "aws_secretsmanager_secret",
                    "depends_on": [],
                    "primary": {
                        "id": "arn:aws:secretsmanager:eu-west-1:122668425727:secret:basic-auth-user-vE0Q04",
                        "attributes": {
                            "arn": "arn:aws:secretsmanager:eu-west-1:122668425727:secret:basic-auth-user-vE0Q04",
                            "description": "",
                            "id": "arn:aws:secretsmanager:eu-west-1:122668425727:secret:basic-auth-user-vE0Q04",
                            "kms_key_id": "",
                            "name": "basic-auth-user",
                            "recovery_window_in_days": "0",
                            "rotation_enabled": "false",
                            "rotation_lambda_arn": "",
                            "rotation_rules.#": "0",
                            "tags.%": "0"
                        },
                        "meta": {},
                        "tainted": false
                    },
                    "deposed": [],
                    "provider": "provider.aws"
                },
                "aws_secretsmanager_secret_version.basic_auth_password": {
                    "type": "aws_secretsmanager_secret_version",
                    "depends_on": [
                        "aws_secretsmanager_secret.basic_auth_password",
                        "random_string.basic_auth_password"
                    ],
                    "primary": {
                        "id": "arn:aws:secretsmanager:eu-west-1:122668425727:secret:basic-auth-password-TlGics|C6F855F0-574B-485A-8555-A2A94627F678",
                        "attributes": {
                            "arn": "arn:aws:secretsmanager:eu-west-1:122668425727:secret:basic-auth-password-TlGics",
                            "id": "arn:aws:secretsmanager:eu-west-1:122668425727:secret:basic-auth-password-TlGics|C6F855F0-574B-485A-8555-A2A94627F678",
                            "secret_binary": "",
                            "secret_id": "arn:aws:secretsmanager:eu-west-1:122668425727:secret:basic-auth-password-TlGics",
                            "secret_string": "jRNmQQmb1yAmm2yFy4CVnRNd6OaojLmH",
                            "version_id": "C6F855F0-574B-485A-8555-A2A94627F678",
                            "version_stages.#": "1",
                            "version_stages.3070137": "AWSCURRENT"
                        },
                        "meta": {},
                        "tainted": false
                    },
                    "deposed": [],
                    "provider": "provider.aws"
                },
                "aws_secretsmanager_secret_version.basic_auth_user": {
                    "type": "aws_secretsmanager_secret_version",
                    "depends_on": [
                        "aws_secretsmanager_secret.basic_auth_user"
                    ],
                    "primary": {
                        "id": "arn:aws:secretsmanager:eu-west-1:122668425727:secret:basic-auth-user-vE0Q04|A421721F-66FD-4847-AFB2-CAE5AA95DB05",
                        "attributes": {
                            "arn": "arn:aws:secretsmanager:eu-west-1:122668425727:secret:basic-auth-user-vE0Q04",
                            "id": "arn:aws:secretsmanager:eu-west-1:122668425727:secret:basic-auth-user-vE0Q04|A421721F-66FD-4847-AFB2-CAE5AA95DB05",
                            "secret_binary": "",
                            "secret_id": "arn:aws:secretsmanager:eu-west-1:122668425727:secret:basic-auth-user-vE0Q04",
                            "secret_string": "admin",
                            "version_id": "A421721F-66FD-4847-AFB2-CAE5AA95DB05",
                            "version_stages.#": "1",
                            "version_stages.3070137": "AWSCURRENT"
                        },
                        "meta": {},
                        "tainted": false
                    },
                    "deposed": [],
                    "provider": "provider.aws"
                },
                "aws_security_group.alb": {
                    "type": "aws_security_group",
                    "depends_on": [
                        "aws_vpc.default"
                    ],
                    "primary": {
                        "id": "sg-0db99cee3ff1e7648",
                        "attributes": {
                            "arn": "arn:aws:ec2:eu-west-1:122668425727:security-group/sg-0db99cee3ff1e7648",
                            "description": "Alb security group rules",
                            "egress.#": "0",
                            "id": "sg-0db99cee3ff1e7648",
                            "ingress.#": "0",
                            "name": "openfaas.alb",
                            "owner_id": "122668425727",
                            "revoke_rules_on_delete": "false",
                            "tags.%": "1",
                            "tags.Name": "openfaas-alb",
                            "vpc_id": "vpc-0d38ed6594c9167a8"
                        },
                        "meta": {
                            "e2bfb730-ecaa-11e6-8f88-34363bc7c4c0": {
                                "create": 600000000000,
                                "delete": 600000000000
                            },
                            "schema_version": "1"
                        },
                        "tainted": false
                    },
                    "deposed": [],
                    "provider": "provider.aws"
                },
                "aws_security_group.alertmanager": {
                    "type": "aws_security_group",
                    "depends_on": [
                        "aws_vpc.default"
                    ],
                    "primary": {
                        "id": "sg-00492d8ccb0365d92",
                        "attributes": {
                            "arn": "arn:aws:ec2:eu-west-1:122668425727:security-group/sg-00492d8ccb0365d92",
                            "description": "alertmanager security group.",
                            "egress.#": "0",
                            "id": "sg-00492d8ccb0365d92",
                            "ingress.#": "0",
                            "name": "openfaas.alertmanager",
                            "owner_id": "122668425727",
                            "revoke_rules_on_delete": "false",
                            "tags.%": "1",
                            "tags.Name": "openfaas-alertmanager",
                            "vpc_id": "vpc-0d38ed6594c9167a8"
                        },
                        "meta": {
                            "e2bfb730-ecaa-11e6-8f88-34363bc7c4c0": {
                                "create": 600000000000,
                                "delete": 600000000000
                            },
                            "schema_version": "1"
                        },
                        "tainted": false
                    },
                    "deposed": [],
                    "provider": "provider.aws"
                },
                "aws_security_group.bastion": {
                    "type": "aws_security_group",
                    "depends_on": [
                        "aws_vpc.default"
                    ],
                    "primary": {
                        "id": "sg-0466668bdc8c14dd1",
                        "attributes": {
                            "arn": "arn:aws:ec2:eu-west-1:122668425727:security-group/sg-0466668bdc8c14dd1",
                            "description": "Allow inbound ssh traffic",
                            "egress.#": "0",
                            "id": "sg-0466668bdc8c14dd1",
                            "ingress.#": "0",
                            "name": "openfaas.bastion",
                            "owner_id": "122668425727",
                            "revoke_rules_on_delete": "false",
                            "tags.%": "1",
                            "tags.Name": "openfaas-bastion",
                            "vpc_id": "vpc-0d38ed6594c9167a8"
                        },
                        "meta": {
                            "e2bfb730-ecaa-11e6-8f88-34363bc7c4c0": {
                                "create": 600000000000,
                                "delete": 600000000000
                            },
                            "schema_version": "1"
                        },
                        "tainted": false
                    },
                    "deposed": [],
                    "provider": "provider.aws"
                },
                "aws_security_group.gateway": {
                    "type": "aws_security_group",
                    "depends_on": [
                        "aws_vpc.default"
                    ],
                    "primary": {
                        "id": "sg-05d435714fb000bc1",
                        "attributes": {
                            "arn": "arn:aws:ec2:eu-west-1:122668425727:security-group/sg-05d435714fb000bc1",
                            "description": "gateway security group. allows traffic from alb and to internal subnet",
                            "egress.#": "0",
                            "id": "sg-05d435714fb000bc1",
                            "ingress.#": "0",
                            "name": "openfaas.gateway",
                            "owner_id": "122668425727",
                            "revoke_rules_on_delete": "false",
                            "tags.%": "1",
                            "tags.Name": "openfaas-gateway",
                            "vpc_id": "vpc-0d38ed6594c9167a8"
                        },
                        "meta": {
                            "e2bfb730-ecaa-11e6-8f88-34363bc7c4c0": {
                                "create": 600000000000,
                                "delete": 600000000000
                            },
                            "schema_version": "1"
                        },
                        "tainted": false
                    },
                    "deposed": [],
                    "provider": "provider.aws"
                },
                "aws_security_group.nats": {
                    "type": "aws_security_group",
                    "depends_on": [
                        "aws_vpc.default"
                    ],
                    "primary": {
                        "id": "sg-0e6ef565b11b12eea",
                        "attributes": {
                            "arn": "arn:aws:ec2:eu-west-1:122668425727:security-group/sg-0e6ef565b11b12eea",
                            "description": "nats security group",
                            "egress.#": "0",
                            "id": "sg-0e6ef565b11b12eea",
                            "ingress.#": "0",
                            "name": "openfaas.nats",
                            "owner_id": "122668425727",
                            "revoke_rules_on_delete": "false",
                            "tags.%": "1",
                            "tags.Name": "openfaas-nats",
                            "vpc_id": "vpc-0d38ed6594c9167a8"
                        },
                        "meta": {
                            "e2bfb730-ecaa-11e6-8f88-34363bc7c4c0": {
                                "create": 600000000000,
                                "delete": 600000000000
                            },
                            "schema_version": "1"
                        },
                        "tainted": false
                    },
                    "deposed": [],
                    "provider": "provider.aws"
                },
                "aws_security_group.nats_queue_worker": {
                    "type": "aws_security_group",
                    "depends_on": [
                        "aws_vpc.default"
                    ],
                    "primary": {
                        "id": "sg-0b06393736d3e0c5f",
                        "attributes": {
                            "arn": "arn:aws:ec2:eu-west-1:122668425727:security-group/sg-0b06393736d3e0c5f",
                            "description": "Security rules for the nats queue worker",
                            "egress.#": "0",
                            "id": "sg-0b06393736d3e0c5f",
                            "ingress.#": "0",
                            "name": "openfaas.nats-queue-worker",
                            "owner_id": "122668425727",
                            "revoke_rules_on_delete": "false",
                            "tags.%": "1",
                            "tags.Name": "openfaas-nats-queue-worker",
                            "vpc_id": "vpc-0d38ed6594c9167a8"
                        },
                        "meta": {
                            "e2bfb730-ecaa-11e6-8f88-34363bc7c4c0": {
                                "create": 600000000000,
                                "delete": 600000000000
                            },
                            "schema_version": "1"
                        },
                        "tainted": false
                    },
                    "deposed": [],
                    "provider": "provider.aws"
                },
                "aws_security_group.prometheus": {
                    "type": "aws_security_group",
                    "depends_on": [
                        "aws_vpc.default"
                    ],
                    "primary": {
                        "id": "sg-0118f7d4fd2fc5af8",
                        "attributes": {
                            "arn": "arn:aws:ec2:eu-west-1:122668425727:security-group/sg-0118f7d4fd2fc5af8",
                            "description": "prometheus security group.",
                            "egress.#": "0",
                            "id": "sg-0118f7d4fd2fc5af8",
                            "ingress.#": "0",
                            "name": "openfaas.prometheus",
                            "owner_id": "122668425727",
                            "revoke_rules_on_delete": "false",
                            "tags.%": "1",
                            "tags.Name": "openfaas-prometheus",
                            "vpc_id": "vpc-0d38ed6594c9167a8"
                        },
                        "meta": {
                            "e2bfb730-ecaa-11e6-8f88-34363bc7c4c0": {
                                "create": 600000000000,
                                "delete": 600000000000
                            },
                            "schema_version": "1"
                        },
                        "tainted": false
                    },
                    "deposed": [],
                    "provider": "provider.aws"
                },
                "aws_security_group.service": {
                    "type": "aws_security_group",
                    "depends_on": [
                        "aws_vpc.default"
                    ],
                    "primary": {
                        "id": "sg-0b3512365b3fc9ff7",
                        "attributes": {
                            "arn": "arn:aws:ec2:eu-west-1:122668425727:security-group/sg-0b3512365b3fc9ff7",
                            "description": "common security group for all services in the internal subnet",
                            "egress.#": "0",
                            "id": "sg-0b3512365b3fc9ff7",
                            "ingress.#": "0",
                            "name": "openfaas.service",
                            "owner_id": "122668425727",
                            "revoke_rules_on_delete": "false",
                            "tags.%": "1",
                            "tags.Name": "openfaas-service",
                            "vpc_id": "vpc-0d38ed6594c9167a8"
                        },
                        "meta": {
                            "e2bfb730-ecaa-11e6-8f88-34363bc7c4c0": {
                                "create": 600000000000,
                                "delete": 600000000000
                            },
                            "schema_version": "1"
                        },
                        "tainted": false
                    },
                    "deposed": [],
                    "provider": "provider.aws"
                },
                "aws_security_group_rule.alb_egress_gateway": {
                    "type": "aws_security_group_rule",
                    "depends_on": [
                        "aws_security_group.alb",
                        "aws_security_group.gateway"
                    ],
                    "primary": {
                        "id": "sgrule-1938908387",
                        "attributes": {
                            "from_port": "8080",
                            "id": "sgrule-1938908387",
                            "protocol": "tcp",
                            "security_group_id": "sg-0db99cee3ff1e7648",
                            "self": "false",
                            "source_security_group_id": "sg-05d435714fb000bc1",
                            "to_port": "8080",
                            "type": "egress"
                        },
                        "meta": {
                            "schema_version": "2"
                        },
                        "tainted": false
                    },
                    "deposed": [],
                    "provider": "provider.aws"
                },
                "aws_security_group_rule.alb_egress_prometheus": {
                    "type": "aws_security_group_rule",
                    "depends_on": [
                        "aws_security_group.alb",
                        "aws_security_group.prometheus"
                    ],
                    "primary": {
                        "id": "sgrule-1588482469",
                        "attributes": {
                            "from_port": "9090",
                            "id": "sgrule-1588482469",
                            "protocol": "tcp",
                            "security_group_id": "sg-0db99cee3ff1e7648",
                            "self": "false",
                            "source_security_group_id": "sg-0118f7d4fd2fc5af8",
                            "to_port": "9090",
                            "type": "egress"
                        },
                        "meta": {
                            "schema_version": "2"
                        },
                        "tainted": false
                    },
                    "deposed": [],
                    "provider": "provider.aws"
                },
                "aws_security_group_rule.alb_ingress_gateway": {
                    "type": "aws_security_group_rule",
                    "depends_on": [
                        "aws_security_group.alb"
                    ],
                    "primary": {
                        "id": "sgrule-628725933",
                        "attributes": {
                            "cidr_blocks.#": "1",
                            "cidr_blocks.0": "109.151.40.129/32",
                            "from_port": "443",
                            "id": "sgrule-628725933",
                            "protocol": "tcp",
                            "security_group_id": "sg-0db99cee3ff1e7648",
                            "self": "false",
                            "to_port": "443",
                            "type": "ingress"
                        },
                        "meta": {
                            "schema_version": "2"
                        },
                        "tainted": false
                    },
                    "deposed": [],
                    "provider": "provider.aws"
                },
                "aws_security_group_rule.alb_ingress_prometheus": {
                    "type": "aws_security_group_rule",
                    "depends_on": [
                        "aws_security_group.alb"
                    ],
                    "primary": {
                        "id": "sgrule-3877415204",
                        "attributes": {
                            "cidr_blocks.#": "1",
                            "cidr_blocks.0": "109.151.40.129/32",
                            "from_port": "9090",
                            "id": "sgrule-3877415204",
                            "protocol": "tcp",
                            "security_group_id": "sg-0db99cee3ff1e7648",
                            "self": "false",
                            "to_port": "9090",
                            "type": "ingress"
                        },
                        "meta": {
                            "schema_version": "2"
                        },
                        "tainted": false
                    },
                    "deposed": [],
                    "provider": "provider.aws"
                },
                "aws_security_group_rule.alertmanager_egress_gateway": {
                    "type": "aws_security_group_rule",
                    "depends_on": [
                        "aws_security_group.alertmanager",
                        "aws_security_group.gateway"
                    ],
                    "primary": {
                        "id": "sgrule-1946972918",
                        "attributes": {
                            "from_port": "8080",
                            "id": "sgrule-1946972918",
                            "protocol": "tcp",
                            "security_group_id": "sg-00492d8ccb0365d92",
                            "self": "false",
                            "source_security_group_id": "sg-05d435714fb000bc1",
                            "to_port": "8080",
                            "type": "egress"
                        },
                        "meta": {
                            "schema_version": "2"
                        },
                        "tainted": false
                    },
                    "deposed": [],
                    "provider": "provider.aws"
                },
                "aws_security_group_rule.alertmanager_ingress_alertmanager": {
                    "type": "aws_security_group_rule",
                    "depends_on": [
                        "aws_security_group.alertmanager",
                        "aws_security_group.prometheus"
                    ],
                    "primary": {
                        "id": "sgrule-2857938060",
                        "attributes": {
                            "from_port": "9093",
                            "id": "sgrule-2857938060",
                            "protocol": "tcp",
                            "security_group_id": "sg-00492d8ccb0365d92",
                            "self": "false",
                            "source_security_group_id": "sg-0118f7d4fd2fc5af8",
                            "to_port": "9093",
                            "type": "ingress"
                        },
                        "meta": {
                            "schema_version": "2"
                        },
                        "tainted": false
                    },
                    "deposed": [],
                    "provider": "provider.aws"
                },
                "aws_security_group_rule.bastion_egress_gateway": {
                    "type": "aws_security_group_rule",
                    "depends_on": [
                        "aws_security_group.bastion",
                        "aws_security_group.gateway"
                    ],
                    "primary": {
                        "id": "sgrule-1958824026",
                        "attributes": {
                            "from_port": "8080",
                            "id": "sgrule-1958824026",
                            "protocol": "tcp",
                            "security_group_id": "sg-0466668bdc8c14dd1",
                            "self": "false",
                            "source_security_group_id": "sg-05d435714fb000bc1",
                            "to_port": "8080",
                            "type": "egress"
                        },
                        "meta": {
                            "schema_version": "2"
                        },
                        "tainted": false
                    },
                    "deposed": [],
                    "provider": "provider.aws"
                },
                "aws_security_group_rule.bastion_egress_http": {
                    "type": "aws_security_group_rule",
                    "depends_on": [
                        "aws_security_group.bastion"
                    ],
                    "primary": {
                        "id": "sgrule-3217533818",
                        "attributes": {
                            "cidr_blocks.#": "1",
                            "cidr_blocks.0": "0.0.0.0/0",
                            "from_port": "80",
                            "id": "sgrule-3217533818",
                            "protocol": "tcp",
                            "security_group_id": "sg-0466668bdc8c14dd1",
                            "self": "false",
                            "to_port": "80",
                            "type": "egress"
                        },
                        "meta": {
                            "schema_version": "2"
                        },
                        "tainted": false
                    },
                    "deposed": [],
                    "provider": "provider.aws"
                },
                "aws_security_group_rule.bastion_egress_https": {
                    "type": "aws_security_group_rule",
                    "depends_on": [
                        "aws_security_group.bastion"
                    ],
                    "primary": {
                        "id": "sgrule-1840432102",
                        "attributes": {
                            "cidr_blocks.#": "1",
                            "cidr_blocks.0": "0.0.0.0/0",
                            "from_port": "443",
                            "id": "sgrule-1840432102",
                            "protocol": "tcp",
                            "security_group_id": "sg-0466668bdc8c14dd1",
                            "self": "false",
                            "to_port": "443",
                            "type": "egress"
                        },
                        "meta": {
                            "schema_version": "2"
                        },
                        "tainted": false
                    },
                    "deposed": [],
                    "provider": "provider.aws"
                },
                "aws_security_group_rule.bastion_egress_nats": {
                    "type": "aws_security_group_rule",
                    "depends_on": [
                        "aws_security_group.bastion",
                        "aws_security_group.nats"
                    ],
                    "primary": {
                        "id": "sgrule-2818507674",
                        "attributes": {
                            "from_port": "4222",
                            "id": "sgrule-2818507674",
                            "protocol": "tcp",
                            "security_group_id": "sg-0466668bdc8c14dd1",
                            "self": "false",
                            "source_security_group_id": "sg-0e6ef565b11b12eea",
                            "to_port": "4222",
                            "type": "egress"
                        },
                        "meta": {
                            "schema_version": "2"
                        },
                        "tainted": false
                    },
                    "deposed": [],
                    "provider": "provider.aws"
                },
                "aws_security_group_rule.bastion_egress_services": {
                    "type": "aws_security_group_rule",
                    "depends_on": [
                        "aws_security_group.bastion",
                        "aws_security_group.service"
                    ],
                    "primary": {
                        "id": "sgrule-1906491185",
                        "attributes": {
                            "from_port": "8080",
                            "id": "sgrule-1906491185",
                            "protocol": "tcp",
                            "security_group_id": "sg-0466668bdc8c14dd1",
                            "self": "false",
                            "source_security_group_id": "sg-0b3512365b3fc9ff7",
                            "to_port": "8080",
                            "type": "egress"
                        },
                        "meta": {
                            "schema_version": "2"
                        },
                        "tainted": false
                    },
                    "deposed": [],
                    "provider": "provider.aws"
                },
                "aws_security_group_rule.bastion_egress_ssh": {
                    "type": "aws_security_group_rule",
                    "depends_on": [
                        "aws_security_group.bastion",
                        "aws_security_group.service"
                    ],
                    "primary": {
                        "id": "sgrule-3437078563",
                        "attributes": {
                            "from_port": "22",
                            "id": "sgrule-3437078563",
                            "protocol": "tcp",
                            "security_group_id": "sg-0466668bdc8c14dd1",
                            "self": "false",
                            "source_security_group_id": "sg-0b3512365b3fc9ff7",
                            "to_port": "22",
                            "type": "egress"
                        },
                        "meta": {
                            "schema_version": "2"
                        },
                        "tainted": false
                    },
                    "deposed": [],
                    "provider": "provider.aws"
                },
                "aws_security_group_rule.bastion_ingress_ssh": {
                    "type": "aws_security_group_rule",
                    "depends_on": [
                        "aws_security_group.bastion"
                    ],
                    "primary": {
                        "id": "sgrule-2511049337",
                        "attributes": {
                            "cidr_blocks.#": "1",
                            "cidr_blocks.0": "109.151.40.129/32",
                            "from_port": "22",
                            "id": "sgrule-2511049337",
                            "protocol": "tcp",
                            "security_group_id": "sg-0466668bdc8c14dd1",
                            "self": "false",
                            "to_port": "22",
                            "type": "ingress"
                        },
                        "meta": {
                            "schema_version": "2"
                        },
                        "tainted": false
                    },
                    "deposed": [],
                    "provider": "provider.aws"
                },
                "aws_security_group_rule.gateway_egress_functions": {
                    "type": "aws_security_group_rule",
                    "depends_on": [
                        "aws_security_group.gateway",
                        "aws_security_group.service"
                    ],
                    "primary": {
                        "id": "sgrule-4237066128",
                        "attributes": {
                            "from_port": "8080",
                            "id": "sgrule-4237066128",
                            "protocol": "tcp",
                            "security_group_id": "sg-05d435714fb000bc1",
                            "self": "false",
                            "source_security_group_id": "sg-0b3512365b3fc9ff7",
                            "to_port": "8080",
                            "type": "egress"
                        },
                        "meta": {
                            "schema_version": "2"
                        },
                        "tainted": false
                    },
                    "deposed": [],
                    "provider": "provider.aws"
                },
                "aws_security_group_rule.gateway_egress_http": {
                    "type": "aws_security_group_rule",
                    "depends_on": [
                        "aws_security_group.gateway"
                    ],
                    "primary": {
                        "id": "sgrule-3794891283",
                        "attributes": {
                            "cidr_blocks.#": "1",
                            "cidr_blocks.0": "0.0.0.0/0",
                            "from_port": "80",
                            "id": "sgrule-3794891283",
                            "protocol": "tcp",
                            "security_group_id": "sg-05d435714fb000bc1",
                            "self": "false",
                            "to_port": "80",
                            "type": "egress"
                        },
                        "meta": {
                            "schema_version": "2"
                        },
                        "tainted": false
                    },
                    "deposed": [],
                    "provider": "provider.aws"
                },
                "aws_security_group_rule.gateway_egress_https": {
                    "type": "aws_security_group_rule",
                    "depends_on": [
                        "aws_security_group.gateway"
                    ],
                    "primary": {
                        "id": "sgrule-646063246",
                        "attributes": {
                            "cidr_blocks.#": "1",
                            "cidr_blocks.0": "0.0.0.0/0",
                            "from_port": "443",
                            "id": "sgrule-646063246",
                            "protocol": "tcp",
                            "security_group_id": "sg-05d435714fb000bc1",
                            "self": "false",
                            "to_port": "443",
                            "type": "egress"
                        },
                        "meta": {
                            "schema_version": "2"
                        },
                        "tainted": false
                    },
                    "deposed": [],
                    "provider": "provider.aws"
                },
                "aws_security_group_rule.gateway_egress_nats": {
                    "type": "aws_security_group_rule",
                    "depends_on": [
                        "aws_security_group.gateway",
                        "aws_security_group.nats"
                    ],
                    "primary": {
                        "id": "sgrule-2852242675",
                        "attributes": {
                            "from_port": "4222",
                            "id": "sgrule-2852242675",
                            "protocol": "-1",
                            "security_group_id": "sg-05d435714fb000bc1",
                            "self": "false",
                            "source_security_group_id": "sg-0e6ef565b11b12eea",
                            "to_port": "4222",
                            "type": "egress"
                        },
                        "meta": {
                            "schema_version": "2"
                        },
                        "tainted": false
                    },
                    "deposed": [],
                    "provider": "provider.aws"
                },
                "aws_security_group_rule.gateway_egress_nats_management": {
                    "type": "aws_security_group_rule",
                    "depends_on": [
                        "aws_security_group.gateway",
                        "aws_security_group.nats"
                    ],
                    "primary": {
                        "id": "sgrule-1412605008",
                        "attributes": {
                            "from_port": "8222",
                            "id": "sgrule-1412605008",
                            "protocol": "tcp",
                            "security_group_id": "sg-05d435714fb000bc1",
                            "self": "false",
                            "source_security_group_id": "sg-0e6ef565b11b12eea",
                            "to_port": "8222",
                            "type": "egress"
                        },
                        "meta": {
                            "schema_version": "2"
                        },
                        "tainted": false
                    },
                    "deposed": [],
                    "provider": "provider.aws"
                },
                "aws_security_group_rule.gateway_egress_prometheus": {
                    "type": "aws_security_group_rule",
                    "depends_on": [
                        "aws_security_group.gateway",
                        "aws_security_group.prometheus"
                    ],
                    "primary": {
                        "id": "sgrule-3570449853",
                        "attributes": {
                            "from_port": "9090",
                            "id": "sgrule-3570449853",
                            "protocol": "tcp",
                            "security_group_id": "sg-05d435714fb000bc1",
                            "self": "false",
                            "source_security_group_id": "sg-0118f7d4fd2fc5af8",
                            "to_port": "9090",
                            "type": "egress"
                        },
                        "meta": {
                            "schema_version": "2"
                        },
                        "tainted": false
                    },
                    "deposed": [],
                    "provider": "provider.aws"
                },
                "aws_security_group_rule.gateway_ingress_alb": {
                    "type": "aws_security_group_rule",
                    "depends_on": [
                        "aws_security_group.alb",
                        "aws_security_group.gateway"
                    ],
                    "primary": {
                        "id": "sgrule-4144268124",
                        "attributes": {
                            "from_port": "8080",
                            "id": "sgrule-4144268124",
                            "protocol": "tcp",
                            "security_group_id": "sg-05d435714fb000bc1",
                            "self": "false",
                            "source_security_group_id": "sg-0db99cee3ff1e7648",
                            "to_port": "8080",
                            "type": "ingress"
                        },
                        "meta": {
                            "schema_version": "2"
                        },
                        "tainted": false
                    },
                    "deposed": [],
                    "provider": "provider.aws"
                },
                "aws_security_group_rule.gateway_ingress_alertmanager": {
                    "type": "aws_security_group_rule",
                    "depends_on": [
                        "aws_security_group.alertmanager",
                        "aws_security_group.gateway"
                    ],
                    "primary": {
                        "id": "sgrule-1340087340",
                        "attributes": {
                            "from_port": "8080",
                            "id": "sgrule-1340087340",
                            "protocol": "tcp",
                            "security_group_id": "sg-05d435714fb000bc1",
                            "self": "false",
                            "source_security_group_id": "sg-00492d8ccb0365d92",
                            "to_port": "8080",
                            "type": "ingress"
                        },
                        "meta": {
                            "schema_version": "2"
                        },
                        "tainted": false
                    },
                    "deposed": [],
                    "provider": "provider.aws"
                },
                "aws_security_group_rule.gateway_ingress_bastion": {
                    "type": "aws_security_group_rule",
                    "depends_on": [
                        "aws_security_group.bastion",
                        "aws_security_group.gateway"
                    ],
                    "primary": {
                        "id": "sgrule-3573526917",
                        "attributes": {
                            "from_port": "8080",
                            "id": "sgrule-3573526917",
                            "protocol": "tcp",
                            "security_group_id": "sg-05d435714fb000bc1",
                            "self": "false",
                            "source_security_group_id": "sg-0466668bdc8c14dd1",
                            "to_port": "8080",
                            "type": "ingress"
                        },
                        "meta": {
                            "schema_version": "2"
                        },
                        "tainted": false
                    },
                    "deposed": [],
                    "provider": "provider.aws"
                },
                "aws_security_group_rule.gateway_ingress_nats_queue_worker": {
                    "type": "aws_security_group_rule",
                    "depends_on": [
                        "aws_security_group.gateway",
                        "aws_security_group.nats_queue_worker"
                    ],
                    "primary": {
                        "id": "sgrule-3825912301",
                        "attributes": {
                            "from_port": "8080",
                            "id": "sgrule-3825912301",
                            "protocol": "tcp",
                            "security_group_id": "sg-05d435714fb000bc1",
                            "self": "false",
                            "source_security_group_id": "sg-0b06393736d3e0c5f",
                            "to_port": "8080",
                            "type": "ingress"
                        },
                        "meta": {
                            "schema_version": "2"
                        },
                        "tainted": false
                    },
                    "deposed": [],
                    "provider": "provider.aws"
                },
                "aws_security_group_rule.gateway_ingress_prometheus": {
                    "type": "aws_security_group_rule",
                    "depends_on": [
                        "aws_security_group.gateway",
                        "aws_security_group.prometheus"
                    ],
                    "primary": {
                        "id": "sgrule-379936685",
                        "attributes": {
                            "from_port": "8080",
                            "id": "sgrule-379936685",
                            "protocol": "tcp",
                            "security_group_id": "sg-05d435714fb000bc1",
                            "self": "false",
                            "source_security_group_id": "sg-0118f7d4fd2fc5af8",
                            "to_port": "8080",
                            "type": "ingress"
                        },
                        "meta": {
                            "schema_version": "2"
                        },
                        "tainted": false
                    },
                    "deposed": [],
                    "provider": "provider.aws"
                },
                "aws_security_group_rule.nats_ingress_bastion": {
                    "type": "aws_security_group_rule",
                    "depends_on": [
                        "aws_security_group.bastion",
                        "aws_security_group.nats"
                    ],
                    "primary": {
                        "id": "sgrule-2021441010",
                        "attributes": {
                            "from_port": "4222",
                            "id": "sgrule-2021441010",
                            "protocol": "tcp",
                            "security_group_id": "sg-0e6ef565b11b12eea",
                            "self": "false",
                            "source_security_group_id": "sg-0466668bdc8c14dd1",
                            "to_port": "4222",
                            "type": "ingress"
                        },
                        "meta": {
                            "schema_version": "2"
                        },
                        "tainted": false
                    },
                    "deposed": [],
                    "provider": "provider.aws"
                },
                "aws_security_group_rule.nats_ingress_gateway": {
                    "type": "aws_security_group_rule",
                    "depends_on": [
                        "aws_security_group.gateway",
                        "aws_security_group.nats"
                    ],
                    "primary": {
                        "id": "sgrule-2235964210",
                        "attributes": {
                            "from_port": "4222",
                            "id": "sgrule-2235964210",
                            "protocol": "-1",
                            "security_group_id": "sg-0e6ef565b11b12eea",
                            "self": "false",
                            "source_security_group_id": "sg-05d435714fb000bc1",
                            "to_port": "4222",
                            "type": "ingress"
                        },
                        "meta": {
                            "schema_version": "2"
                        },
                        "tainted": false
                    },
                    "deposed": [],
                    "provider": "provider.aws"
                },
                "aws_security_group_rule.nats_ingress_service": {
                    "type": "aws_security_group_rule",
                    "depends_on": [
                        "aws_security_group.nats",
                        "aws_security_group.service"
                    ],
                    "primary": {
                        "id": "sgrule-629595866",
                        "attributes": {
                            "from_port": "4222",
                            "id": "sgrule-629595866",
                            "protocol": "tcp",
                            "security_group_id": "sg-0e6ef565b11b12eea",
                            "self": "false",
                            "source_security_group_id": "sg-0b3512365b3fc9ff7",
                            "to_port": "4222",
                            "type": "ingress"
                        },
                        "meta": {
                            "schema_version": "2"
                        },
                        "tainted": false
                    },
                    "deposed": [],
                    "provider": "provider.aws"
                },
                "aws_security_group_rule.nats_management_ingress_gateway": {
                    "type": "aws_security_group_rule",
                    "depends_on": [
                        "aws_security_group.gateway",
                        "aws_security_group.nats"
                    ],
                    "primary": {
                        "id": "sgrule-4210782726",
                        "attributes": {
                            "from_port": "8222",
                            "id": "sgrule-4210782726",
                            "protocol": "tcp",
                            "security_group_id": "sg-0e6ef565b11b12eea",
                            "self": "false",
                            "source_security_group_id": "sg-05d435714fb000bc1",
                            "to_port": "8222",
                            "type": "ingress"
                        },
                        "meta": {
                            "schema_version": "2"
                        },
                        "tainted": false
                    },
                    "deposed": [],
                    "provider": "provider.aws"
                },
                "aws_security_group_rule.nats_queue_worker_egress_gateway": {
                    "type": "aws_security_group_rule",
                    "depends_on": [
                        "aws_security_group.gateway",
                        "aws_security_group.nats_queue_worker"
                    ],
                    "primary": {
                        "id": "sgrule-670375651",
                        "attributes": {
                            "from_port": "8080",
                            "id": "sgrule-670375651",
                            "protocol": "tcp",
                            "security_group_id": "sg-0b06393736d3e0c5f",
                            "self": "false",
                            "source_security_group_id": "sg-05d435714fb000bc1",
                            "to_port": "8080",
                            "type": "egress"
                        },
                        "meta": {
                            "schema_version": "2"
                        },
                        "tainted": false
                    },
                    "deposed": [],
                    "provider": "provider.aws"
                },
                "aws_security_group_rule.prometheus_egress_alertmanager": {
                    "type": "aws_security_group_rule",
                    "depends_on": [
                        "aws_security_group.alertmanager",
                        "aws_security_group.prometheus"
                    ],
                    "primary": {
                        "id": "sgrule-2062190899",
                        "attributes": {
                            "from_port": "9093",
                            "id": "sgrule-2062190899",
                            "protocol": "tcp",
                            "security_group_id": "sg-0118f7d4fd2fc5af8",
                            "self": "false",
                            "source_security_group_id": "sg-00492d8ccb0365d92",
                            "to_port": "9093",
                            "type": "egress"
                        },
                        "meta": {
                            "schema_version": "2"
                        },
                        "tainted": false
                    },
                    "deposed": [],
                    "provider": "provider.aws"
                },
                "aws_security_group_rule.prometheus_egress_gateway": {
                    "type": "aws_security_group_rule",
                    "depends_on": [
                        "aws_security_group.gateway",
                        "aws_security_group.prometheus"
                    ],
                    "primary": {
                        "id": "sgrule-2952753509",
                        "attributes": {
                            "from_port": "8080",
                            "id": "sgrule-2952753509",
                            "protocol": "tcp",
                            "security_group_id": "sg-0118f7d4fd2fc5af8",
                            "self": "false",
                            "source_security_group_id": "sg-05d435714fb000bc1",
                            "to_port": "8080",
                            "type": "egress"
                        },
                        "meta": {
                            "schema_version": "2"
                        },
                        "tainted": false
                    },
                    "deposed": [],
                    "provider": "provider.aws"
                },
                "aws_security_group_rule.prometheus_ingress_alb": {
                    "type": "aws_security_group_rule",
                    "depends_on": [
                        "aws_security_group.alb",
                        "aws_security_group.prometheus"
                    ],
                    "primary": {
                        "id": "sgrule-2777517532",
                        "attributes": {
                            "from_port": "9090",
                            "id": "sgrule-2777517532",
                            "protocol": "tcp",
                            "security_group_id": "sg-0118f7d4fd2fc5af8",
                            "self": "false",
                            "source_security_group_id": "sg-0db99cee3ff1e7648",
                            "to_port": "9090",
                            "type": "ingress"
                        },
                        "meta": {
                            "schema_version": "2"
                        },
                        "tainted": false
                    },
                    "deposed": [],
                    "provider": "provider.aws"
                },
                "aws_security_group_rule.prometheus_ingress_gateway": {
                    "type": "aws_security_group_rule",
                    "depends_on": [
                        "aws_security_group.gateway",
                        "aws_security_group.prometheus"
                    ],
                    "primary": {
                        "id": "sgrule-3740216134",
                        "attributes": {
                            "from_port": "9090",
                            "id": "sgrule-3740216134",
                            "protocol": "tcp",
                            "security_group_id": "sg-0118f7d4fd2fc5af8",
                            "self": "false",
                            "source_security_group_id": "sg-05d435714fb000bc1",
                            "to_port": "9090",
                            "type": "ingress"
                        },
                        "meta": {
                            "schema_version": "2"
                        },
                        "tainted": false
                    },
                    "deposed": [],
                    "provider": "provider.aws"
                },
                "aws_security_group_rule.service_egress_functions_service": {
                    "type": "aws_security_group_rule",
                    "depends_on": [
                        "aws_security_group.service"
                    ],
                    "primary": {
                        "id": "sgrule-1701952413",
                        "attributes": {
                            "from_port": "8080",
                            "id": "sgrule-1701952413",
                            "protocol": "tcp",
                            "security_group_id": "sg-0b3512365b3fc9ff7",
                            "self": "true",
                            "to_port": "8080",
                            "type": "egress"
                        },
                        "meta": {
                            "schema_version": "2"
                        },
                        "tainted": false
                    },
                    "deposed": [],
                    "provider": "provider.aws"
                },
                "aws_security_group_rule.service_egress_http": {
                    "type": "aws_security_group_rule",
                    "depends_on": [
                        "aws_security_group.service"
                    ],
                    "primary": {
                        "id": "sgrule-622181429",
                        "attributes": {
                            "cidr_blocks.#": "1",
                            "cidr_blocks.0": "0.0.0.0/0",
                            "from_port": "80",
                            "id": "sgrule-622181429",
                            "protocol": "tcp",
                            "security_group_id": "sg-0b3512365b3fc9ff7",
                            "self": "false",
                            "to_port": "80",
                            "type": "egress"
                        },
                        "meta": {
                            "schema_version": "2"
                        },
                        "tainted": false
                    },
                    "deposed": [],
                    "provider": "provider.aws"
                },
                "aws_security_group_rule.service_egress_https": {
                    "type": "aws_security_group_rule",
                    "depends_on": [
                        "aws_security_group.service"
                    ],
                    "primary": {
                        "id": "sgrule-2575339321",
                        "attributes": {
                            "cidr_blocks.#": "1",
                            "cidr_blocks.0": "0.0.0.0/0",
                            "from_port": "443",
                            "id": "sgrule-2575339321",
                            "protocol": "tcp",
                            "security_group_id": "sg-0b3512365b3fc9ff7",
                            "self": "false",
                            "to_port": "443",
                            "type": "egress"
                        },
                        "meta": {
                            "schema_version": "2"
                        },
                        "tainted": false
                    },
                    "deposed": [],
                    "provider": "provider.aws"
                },
                "aws_security_group_rule.service_ingress_bastion": {
                    "type": "aws_security_group_rule",
                    "depends_on": [
                        "aws_security_group.bastion",
                        "aws_security_group.service"
                    ],
                    "primary": {
                        "id": "sgrule-3848276947",
                        "attributes": {
                            "from_port": "22",
                            "id": "sgrule-3848276947",
                            "protocol": "tcp",
                            "security_group_id": "sg-0b3512365b3fc9ff7",
                            "self": "false",
                            "source_security_group_id": "sg-0466668bdc8c14dd1",
                            "to_port": "22",
                            "type": "ingress"
                        },
                        "meta": {
                            "schema_version": "2"
                        },
                        "tainted": false
                    },
                    "deposed": [],
                    "provider": "provider.aws"
                },
                "aws_security_group_rule.service_ingress_functions_from_bastion": {
                    "type": "aws_security_group_rule",
                    "depends_on": [
                        "aws_security_group.bastion",
                        "aws_security_group.service"
                    ],
                    "primary": {
                        "id": "sgrule-2866229500",
                        "attributes": {
                            "from_port": "8080",
                            "id": "sgrule-2866229500",
                            "protocol": "tcp",
                            "security_group_id": "sg-0b3512365b3fc9ff7",
                            "self": "false",
                            "source_security_group_id": "sg-0466668bdc8c14dd1",
                            "to_port": "8080",
                            "type": "ingress"
                        },
                        "meta": {
                            "schema_version": "2"
                        },
                        "tainted": false
                    },
                    "deposed": [],
                    "provider": "provider.aws"
                },
                "aws_security_group_rule.service_ingress_functions_from_provider": {
                    "type": "aws_security_group_rule",
                    "depends_on": [
                        "aws_security_group.gateway",
                        "aws_security_group.service"
                    ],
                    "primary": {
                        "id": "sgrule-4065240255",
                        "attributes": {
                            "from_port": "8080",
                            "id": "sgrule-4065240255",
                            "protocol": "tcp",
                            "security_group_id": "sg-0b3512365b3fc9ff7",
                            "self": "false",
                            "source_security_group_id": "sg-05d435714fb000bc1",
                            "to_port": "8080",
                            "type": "ingress"
                        },
                        "meta": {
                            "schema_version": "2"
                        },
                        "tainted": false
                    },
                    "deposed": [],
                    "provider": "provider.aws"
                },
                "aws_security_group_rule.service_ingress_functions_service": {
                    "type": "aws_security_group_rule",
                    "depends_on": [
                        "aws_security_group.service"
                    ],
                    "primary": {
                        "id": "sgrule-4146942932",
                        "attributes": {
                            "from_port": "8080",
                            "id": "sgrule-4146942932",
                            "protocol": "tcp",
                            "security_group_id": "sg-0b3512365b3fc9ff7",
                            "self": "true",
                            "to_port": "8080",
                            "type": "ingress"
                        },
                        "meta": {
                            "schema_version": "2"
                        },
                        "tainted": false
                    },
                    "deposed": [],
                    "provider": "provider.aws"
                },
                "aws_service_discovery_private_dns_namespace.openfaas": {
                    "type": "aws_service_discovery_private_dns_namespace",
                    "depends_on": [
                        "aws_vpc.default"
                    ],
                    "primary": {
                        "id": "ns-xxi5sue4qhtlwcfv",
                        "attributes": {
                            "arn": "arn:aws:servicediscovery:eu-west-1:122668425727:namespace/ns-xxi5sue4qhtlwcfv",
                            "description": "example",
                            "hosted_zone": "ZGY4U6CFMT78B",
                            "id": "ns-xxi5sue4qhtlwcfv",
                            "name": "openfaas.local",
                            "vpc": "vpc-0d38ed6594c9167a8"
                        },
                        "meta": {},
                        "tainted": false
                    },
                    "deposed": [],
                    "provider": "provider.aws"
                },
                "aws_service_discovery_service.gateway": {
                    "type": "aws_service_discovery_service",
                    "depends_on": [
                        "aws_service_discovery_private_dns_namespace.openfaas"
                    ],
                    "primary": {
                        "id": "srv-pqvhx54meqp2jsuz",
                        "attributes": {
                            "arn": "arn:aws:servicediscovery:eu-west-1:122668425727:service/srv-pqvhx54meqp2jsuz",
                            "dns_config.#": "1",
                            "dns_config.0.dns_records.#": "1",
                            "dns_config.0.dns_records.0.ttl": "10",
                            "dns_config.0.dns_records.0.type": "A",
                            "dns_config.0.namespace_id": "ns-xxi5sue4qhtlwcfv",
                            "dns_config.0.routing_policy": "MULTIVALUE",
                            "health_check_custom_config.#": "1",
                            "health_check_custom_config.0.failure_threshold": "1",
                            "id": "srv-pqvhx54meqp2jsuz",
                            "name": "gateway"
                        },
                        "meta": {},
                        "tainted": false
                    },
                    "deposed": [],
                    "provider": "provider.aws"
                },
                "aws_subnet.external.0": {
                    "type": "aws_subnet",
                    "depends_on": [
                        "aws_vpc.default"
                    ],
                    "primary": {
                        "id": "subnet-0f5145dbcb9b3fe11",
                        "attributes": {
                            "arn": "arn:aws:ec2:eu-west-1:122668425727:subnet/subnet-0f5145dbcb9b3fe11",
                            "assign_ipv6_address_on_creation": "false",
                            "availability_zone": "eu-west-1a",
                            "cidr_block": "10.0.1.0/24",
                            "id": "subnet-0f5145dbcb9b3fe11",
                            "map_public_ip_on_launch": "true",
                            "tags.%": "1",
                            "tags.Name": "openfaas-external",
                            "vpc_id": "vpc-0d38ed6594c9167a8"
                        },
                        "meta": {
                            "e2bfb730-ecaa-11e6-8f88-34363bc7c4c0": {
                                "create": 600000000000,
                                "delete": 600000000000
                            },
                            "schema_version": "1"
                        },
                        "tainted": false
                    },
                    "deposed": [],
                    "provider": "provider.aws"
                },
                "aws_subnet.external.1": {
                    "type": "aws_subnet",
                    "depends_on": [
                        "aws_vpc.default"
                    ],
                    "primary": {
                        "id": "subnet-0cc8ce11c5d8f5d4e",
                        "attributes": {
                            "arn": "arn:aws:ec2:eu-west-1:122668425727:subnet/subnet-0cc8ce11c5d8f5d4e",
                            "assign_ipv6_address_on_creation": "false",
                            "availability_zone": "eu-west-1b",
                            "cidr_block": "10.0.2.0/24",
                            "id": "subnet-0cc8ce11c5d8f5d4e",
                            "map_public_ip_on_launch": "true",
                            "tags.%": "1",
                            "tags.Name": "openfaas-external",
                            "vpc_id": "vpc-0d38ed6594c9167a8"
                        },
                        "meta": {
                            "e2bfb730-ecaa-11e6-8f88-34363bc7c4c0": {
                                "create": 600000000000,
                                "delete": 600000000000
                            },
                            "schema_version": "1"
                        },
                        "tainted": false
                    },
                    "deposed": [],
                    "provider": "provider.aws"
                },
                "aws_subnet.external.2": {
                    "type": "aws_subnet",
                    "depends_on": [
                        "aws_vpc.default"
                    ],
                    "primary": {
                        "id": "subnet-017a1ea0dd4c36cc1",
                        "attributes": {
                            "arn": "arn:aws:ec2:eu-west-1:122668425727:subnet/subnet-017a1ea0dd4c36cc1",
                            "assign_ipv6_address_on_creation": "false",
                            "availability_zone": "eu-west-1c",
                            "cidr_block": "10.0.3.0/24",
                            "id": "subnet-017a1ea0dd4c36cc1",
                            "map_public_ip_on_launch": "true",
                            "tags.%": "1",
                            "tags.Name": "openfaas-external",
                            "vpc_id": "vpc-0d38ed6594c9167a8"
                        },
                        "meta": {
                            "e2bfb730-ecaa-11e6-8f88-34363bc7c4c0": {
                                "create": 600000000000,
                                "delete": 600000000000
                            },
                            "schema_version": "1"
                        },
                        "tainted": false
                    },
                    "deposed": [],
                    "provider": "provider.aws"
                },
                "aws_subnet.internal.0": {
                    "type": "aws_subnet",
                    "depends_on": [
                        "aws_vpc.default"
                    ],
                    "primary": {
                        "id": "subnet-0b8c1409a7f813add",
                        "attributes": {
                            "arn": "arn:aws:ec2:eu-west-1:122668425727:subnet/subnet-0b8c1409a7f813add",
                            "assign_ipv6_address_on_creation": "false",
                            "availability_zone": "eu-west-1a",
                            "cidr_block": "10.0.4.0/24",
                            "id": "subnet-0b8c1409a7f813add",
                            "map_public_ip_on_launch": "false",
                            "tags.%": "1",
                            "tags.Name": "openfaas-internal",
                            "vpc_id": "vpc-0d38ed6594c9167a8"
                        },
                        "meta": {
                            "e2bfb730-ecaa-11e6-8f88-34363bc7c4c0": {
                                "create": 600000000000,
                                "delete": 600000000000
                            },
                            "schema_version": "1"
                        },
                        "tainted": false
                    },
                    "deposed": [],
                    "provider": "provider.aws"
                },
                "aws_subnet.internal.1": {
                    "type": "aws_subnet",
                    "depends_on": [
                        "aws_vpc.default"
                    ],
                    "primary": {
                        "id": "subnet-05c2b30564631bad3",
                        "attributes": {
                            "arn": "arn:aws:ec2:eu-west-1:122668425727:subnet/subnet-05c2b30564631bad3",
                            "assign_ipv6_address_on_creation": "false",
                            "availability_zone": "eu-west-1b",
                            "cidr_block": "10.0.5.0/24",
                            "id": "subnet-05c2b30564631bad3",
                            "map_public_ip_on_launch": "false",
                            "tags.%": "1",
                            "tags.Name": "openfaas-internal",
                            "vpc_id": "vpc-0d38ed6594c9167a8"
                        },
                        "meta": {
                            "e2bfb730-ecaa-11e6-8f88-34363bc7c4c0": {
                                "create": 600000000000,
                                "delete": 600000000000
                            },
                            "schema_version": "1"
                        },
                        "tainted": false
                    },
                    "deposed": [],
                    "provider": "provider.aws"
                },
                "aws_subnet.internal.2": {
                    "type": "aws_subnet",
                    "depends_on": [
                        "aws_vpc.default"
                    ],
                    "primary": {
                        "id": "subnet-0c06fa1aeaea42de3",
                        "attributes": {
                            "arn": "arn:aws:ec2:eu-west-1:122668425727:subnet/subnet-0c06fa1aeaea42de3",
                            "assign_ipv6_address_on_creation": "false",
                            "availability_zone": "eu-west-1c",
                            "cidr_block": "10.0.6.0/24",
                            "id": "subnet-0c06fa1aeaea42de3",
                            "map_public_ip_on_launch": "false",
                            "tags.%": "1",
                            "tags.Name": "openfaas-internal",
                            "vpc_id": "vpc-0d38ed6594c9167a8"
                        },
                        "meta": {
                            "e2bfb730-ecaa-11e6-8f88-34363bc7c4c0": {
                                "create": 600000000000,
                                "delete": 600000000000
                            },
                            "schema_version": "1"
                        },
                        "tainted": false
                    },
                    "deposed": [],
                    "provider": "provider.aws"
                },
                "aws_vpc.default": {
                    "type": "aws_vpc",
                    "depends_on": [],
                    "primary": {
                        "id": "vpc-0d38ed6594c9167a8",
                        "attributes": {
                            "arn": "arn:aws:ec2:eu-west-1:122668425727:vpc/vpc-0d38ed6594c9167a8",
                            "assign_generated_ipv6_cidr_block": "false",
                            "cidr_block": "10.0.0.0/16",
                            "default_network_acl_id": "acl-06af813c636b37673",
                            "default_route_table_id": "rtb-0eb9318dd44c4f5cd",
                            "default_security_group_id": "sg-0db3a546fe8cf9362",
                            "dhcp_options_id": "dopt-a3f8e7c6",
                            "enable_classiclink": "false",
                            "enable_classiclink_dns_support": "false",
                            "enable_dns_hostnames": "true",
                            "enable_dns_support": "true",
                            "id": "vpc-0d38ed6594c9167a8",
                            "instance_tenancy": "default",
                            "main_route_table_id": "rtb-0eb9318dd44c4f5cd",
                            "tags.%": "1",
                            "tags.Name": "openfaas"
                        },
                        "meta": {
                            "schema_version": "1"
                        },
                        "tainted": false
                    },
                    "deposed": [],
                    "provider": "provider.aws"
                },
                "random_string.basic_auth_password": {
                    "type": "random_string",
                    "depends_on": [],
                    "primary": {
                        "id": "none",
                        "attributes": {
                            "id": "none",
                            "length": "32",
                            "lower": "true",
                            "min_lower": "0",
                            "min_numeric": "0",
                            "min_special": "0",
                            "min_upper": "0",
                            "number": "true",
                            "result": "jRNmQQmb1yAmm2yFy4CVnRNd6OaojLmH",
                            "special": "false",
                            "upper": "true"
                        },
                        "meta": {
                            "schema_version": "1"
                        },
                        "tainted": false
                    },
                    "deposed": [],
                    "provider": "provider.random"
                },
                "random_string.name": {
                    "type": "random_string",
                    "depends_on": [],
                    "primary": {
                        "id": "none",
                        "attributes": {
                            "id": "none",
                            "length": "6",
                            "lower": "true",
                            "min_lower": "0",
                            "min_numeric": "0",
                            "min_special": "0",
                            "min_upper": "0",
                            "number": "true",
                            "result": "2YxIQ7",
                            "special": "false",
                            "upper": "true"
                        },
                        "meta": {
                            "schema_version": "1"
                        },
                        "tainted": false
                    },
                    "deposed": [],
                    "provider": "provider.random"
                },
                "tls_private_key.main": {
                    "type": "tls_private_key",
                    "depends_on": [],
                    "primary": {
                        "id": "4996a3d65d6d270b5cd873c85fb9ef39c6888b11",
                        "attributes": {
                            "algorithm": "RSA",
                            "ecdsa_curve": "P224",
                            "id": "4996a3d65d6d270b5cd873c85fb9ef39c6888b11",
                            "private_key_pem": "-----BEGIN RSA PRIVATE KEY-----\nMIIEpAIBAAKCAQEAqpZXKP3HFJlfETbosbCGB2C2EoT4UJpj85zp0enFg2oS6/4R\nU2zsQola4HT36Ia810rVkTPRx4nmBSH8Ha2vRGbJjjnGdhbxewkkOtoNkH29lLJ1\nMo4wz8DpqDIGYZGnmjASE+DFihIqfAHR2iSsrXpw+0CCmWNCIg20wkbs41NWNBYj\n84REktwfXXyr2b+ZQg9q74W8B36sg1EvPAXBRVKkH6rmQsjDjL8y97PDRmhpmm/l\n1GBTVqWmJ09TIAsyaCF4399TR00lhbr0I9NC0zgMIRAcliGrlWZkvKm/ybgT0vdH\n8oMBz97jOGZ6MxNgwoi+MXrzmKBTHnAvAvvKPQIDAQABAoIBAAJFDdPVzJhRkhpA\niMgUeTQP7VxBuKwZ4cqUA+hvG9mrx6SsNL7PbDVWboceB05ovIqAzGaqMdhd1Vms\nIhajAPoABB6IVkOr+nqQnJLL4/JQOf2Iglax3aRmBLXgNIWH0psSmKr7CqXTqA0O\nWSR16HZGcsplCVfRIkghto3/M5eytps2VAbEDSf5d8A0nMA0cJ3ATYfn68dYKadx\n4DYz03xDkTKBqqIvCvFYarhOKkZAaN5lMGK5wn+8uQX5dUbwMt3HlwgIPifuS+EF\nIW78SL298CglO+gCkf/h6qQDOPJU3S49+FbV+4dAI+oYcEOkvKOCt7zHwNKFRP+7\nCsXVJ2ECgYEAzvfQ37+Yq2cwVidc2dOvrHboqpTG75iJuahp3aN1dC+d71FvMJCj\nLdSA00MfFv5NdAca9DhswTEH2L1I38Lgze8Fm5aLP1sA5iXCtxggsCX1pku1JQaL\n4XiH85wbLMZVBoAXw6Utl6jINPQlXa809hhv/5U3dco11ne8563a1CcCgYEA0wAb\nNvbVTy5sdCty6nG/1KoANblwNlZQQHmS3n2LG7y8f1pPVp7dnwAQjndBtrpmX51L\n6D1gbCElzJ9QpurS9q5n9OIzup/Vsqh7CoQlvFtx/LU9mBOOJ1ZvUNq5vgGuWeqb\n0r6Pb6mI1YlvZB/CJntQKHIjUIPR96kJcVnY+PsCgYEAwxGNO6XwtfRO+ZSmDeRX\n2hxE1KnfCmnhvSu/hBeRF03d9HbzbnmUYxi7xuKnhdtvkuEzhWU9E6UruRtGeSfL\nDC2xQmDUo4UZRtHmQP2rqXpNmkwW0mvmIT+iG3hRoJTaBINsYojnfN6mvEo0gaUm\nLKEBxomUOR+6OIaodFBHRNcCgYA6PRhF5oFf9pdWxTtVvInPQBEIwyNWzCIgea3x\nHUPNJx38JMgrR3QyU8k+GWqY7gAdugPemTpI/ik5vmt7dus9zUvCSsEubLmGM3yq\nnWjxAWiH8NqMZDFjaDcXYRfNexdNmDTkSVa74lZzYhjN0Po8tuKcF0zqB0hoDE8f\n60W5CwKBgQDMOlvS4GqCmErPlWVrQILUSDyPLpu48+wHzuwF7ipF9AMHLA4MEGij\neMkqBqnqmZ1EoOA8Q1tM7nW8heSnznX+FDAxRlCyZUyAzKxvBhyWoHPvkCxIX1kY\nWyBlDL4EgTudwv1sZchtoOnyxl007OlSFL99KlH5pDiNXcxnG9niGw==\n-----END RSA PRIVATE KEY-----\n",
                            "public_key_fingerprint_md5": "a6:35:74:d7:9f:71:f5:05:42:82:c6:57:fe:15:f6:43",
                            "public_key_openssh": "ssh-rsa AAAAB3NzaC1yc2EAAAADAQABAAABAQCqllco/ccUmV8RNuixsIYHYLYShPhQmmPznOnR6cWDahLr/hFTbOxCiVrgdPfohrzXStWRM9HHieYFIfwdra9EZsmOOcZ2FvF7CSQ62g2Qfb2UsnUyjjDPwOmoMgZhkaeaMBIT4MWKEip8AdHaJKytenD7QIKZY0IiDbTCRuzjU1Y0FiPzhESS3B9dfKvZv5lCD2rvhbwHfqyDUS88BcFFUqQfquZCyMOMvzL3s8NGaGmab+XUYFNWpaYnT1MgCzJoIXjf31NHTSWFuvQj00LTOAwhEByWIauVZmS8qb/JuBPS90fygwHP3uM4ZnozE2DCiL4xevOYoFMecC8C+8o9\n",
                            "public_key_pem": "-----BEGIN PUBLIC KEY-----\nMIIBIjANBgkqhkiG9w0BAQEFAAOCAQ8AMIIBCgKCAQEAqpZXKP3HFJlfETbosbCG\nB2C2EoT4UJpj85zp0enFg2oS6/4RU2zsQola4HT36Ia810rVkTPRx4nmBSH8Ha2v\nRGbJjjnGdhbxewkkOtoNkH29lLJ1Mo4wz8DpqDIGYZGnmjASE+DFihIqfAHR2iSs\nrXpw+0CCmWNCIg20wkbs41NWNBYj84REktwfXXyr2b+ZQg9q74W8B36sg1EvPAXB\nRVKkH6rmQsjDjL8y97PDRmhpmm/l1GBTVqWmJ09TIAsyaCF4399TR00lhbr0I9NC\n0zgMIRAcliGrlWZkvKm/ybgT0vdH8oMBz97jOGZ6MxNgwoi+MXrzmKBTHnAvAvvK\nPQIDAQAB\n-----END PUBLIC KEY-----\n",
                            "rsa_bits": "2048"
                        },
                        "meta": {},
                        "tainted": false
                    },
                    "deposed": [],
                    "provider": "provider.tls"
                },
                "tls_private_key.private_key": {
                    "type": "tls_private_key",
                    "depends_on": [],
                    "primary": {
                        "id": "f919ad28ed888f57349fa5244a8413902d352f43",
                        "attributes": {
                            "algorithm": "RSA",
                            "ecdsa_curve": "P224",
                            "id": "f919ad28ed888f57349fa5244a8413902d352f43",
                            "private_key_pem": "-----BEGIN RSA PRIVATE KEY-----\nMIIEogIBAAKCAQEAus6BA4wXY+txdKdPh9Mi0gvQqSFMAEI0Z2khiZvFwuqefESJ\nBlucWBnsw9p6bwqnYgGS47VSzOKpdHOIowfbt50Z2OZzwChTGaVRARYfuO/qMPMS\ns7kmKJ/pd866qbXviLGGxmLIIVChvhK+2u/DvuXB82j9B0gta/8AUqSDnTWyGHCg\nDBRhpxb0wCMBpWfhBxTO4OzhVNLvPO3z4eCqtKKP9Kc9ZTn61GHS35ETqSjgduJz\nQNCh5gA+dFff5L2GRnWmIJasWAGj51iOa4scOE+Nrzgda9cRGHLz2M+SoJ3siiep\nNOSEqEsScDLh/i1n++p1GHuvSd8vLbW/2oLXewIDAQABAoIBAFofurp9YeOA+ZGw\nDnyW7lur+5U9TS9qwWGKpPWAw55QFvoZDoqUtA8FIucyhpL/7tUnsThOiI30ZJCc\nFLWi2uvwzUGJnRp92emrijMd+1v7016eRs2Sa8h5redxQzkRX2jxTPZ1PdxkzEOp\nQ47Y0fVNX48RfdF/jvplYkB8wkqbgwOS/lAqyGcEj1MVlQVvIaIP0yJXrFbYc+0N\nExjUyikSfZUPkxWEmmi4Z/nTNI3pAqBKki5YcvDG7xRVB22gTv/E1NB7NiOUMBl9\n4yhkt5hGAz+z8ZYwk9KJiqd1q/rs8/dWudz+0UTsUIw7sUBoltbIzVN3s08EV2Ma\n2zJ9PtECgYEA81oCqzzjAtkXZX9VP77iMndI1u/rMaPGB5hLZ4CGxyvP5sQnq1H4\nuj56TZt2GplBtw0gX2BM3HYf9x96iBmlbVHBdKnYKv6r8a7vxhw5jg3x1RFpggkQ\ntqt0cFEWPj6M5zzyrRFjOG0J4BcHkURnz5qYU5Hmla32jnEnAsksZ7cCgYEAxIQe\nCxDU5uUVB3V9SsIR3/lZX/+OzjISgGHk7GxtovkNriHNN2JDuv8Kee3JFIygmmpp\nj6rcd79vULafa/Ld9VzDcU2tf01dgQLwaY9+YOWtYUF+3FYLqRV1VKR25Jytv56S\nnv8+JFl1ZFlL+z2JwDiEP5QMBHRqgtkjBKnkJl0CgYAiqLE0nklewHialhYYLCGf\nOmn/YtBGk6LCtigXJ7EKcOz9WvajadtY+0kEAJ5Dj4xSe+Yeb2LDC3fmBG+5Lp3n\nAfvhl8cX6ImotFemCaMQ3l+RDxfN02iz+5tr28ClQNdkn8OYbp+JC86aQe1r/Sgj\n40rKrD8BFnPFOcxqkyhl5QKBgHPpec8NHocSmFTN+BkgX2q8qPr2wkTdRAx1sZHC\nYui9/lO3nFQOoeSqioNgvjpguFpcaedT4LbBM+dn0KDboBAZpy4toyhzebOfCC87\ndE+zKZE0EJ/mIPqarZo/Z+FwiQt9fP5Lj1vhaFzITwjiQ14d9+OIb44xHKIRcZZO\nn0QBAoGAYAf9wqwpzHGYq+2bA+jr/sD1vl9P4axw0yiDfiaFiL4Kz0KqOU/RwJla\nQ+aqqGyahZ8GGX+v6PhfgIrIVEioVn9LaJNSyHdi7TcD2IL1eXzF3cmkFmzVSn8n\ngqnMP75A7RJtK/HmLXH5gFszLofMlQ8l6yDks341ILIX9ppi05w=\n-----END RSA PRIVATE KEY-----\n",
                            "public_key_fingerprint_md5": "19:1e:60:e8:0d:13:9b:fe:d3:f0:8a:b8:b4:ba:3d:de",
                            "public_key_openssh": "ssh-rsa AAAAB3NzaC1yc2EAAAADAQABAAABAQC6zoEDjBdj63F0p0+H0yLSC9CpIUwAQjRnaSGJm8XC6p58RIkGW5xYGezD2npvCqdiAZLjtVLM4ql0c4ijB9u3nRnY5nPAKFMZpVEBFh+47+ow8xKzuSYon+l3zrqpte+IsYbGYsghUKG+Er7a78O+5cHzaP0HSC1r/wBSpIOdNbIYcKAMFGGnFvTAIwGlZ+EHFM7g7OFU0u887fPh4Kq0oo/0pz1lOfrUYdLfkROpKOB24nNA0KHmAD50V9/kvYZGdaYglqxYAaPnWI5rixw4T42vOB1r1xEYcvPYz5KgneyKJ6k05ISoSxJwMuH+LWf76nUYe69J3y8ttb/agtd7\n",
                            "public_key_pem": "-----BEGIN PUBLIC KEY-----\nMIIBIjANBgkqhkiG9w0BAQEFAAOCAQ8AMIIBCgKCAQEAus6BA4wXY+txdKdPh9Mi\n0gvQqSFMAEI0Z2khiZvFwuqefESJBlucWBnsw9p6bwqnYgGS47VSzOKpdHOIowfb\nt50Z2OZzwChTGaVRARYfuO/qMPMSs7kmKJ/pd866qbXviLGGxmLIIVChvhK+2u/D\nvuXB82j9B0gta/8AUqSDnTWyGHCgDBRhpxb0wCMBpWfhBxTO4OzhVNLvPO3z4eCq\ntKKP9Kc9ZTn61GHS35ETqSjgduJzQNCh5gA+dFff5L2GRnWmIJasWAGj51iOa4sc\nOE+Nrzgda9cRGHLz2M+SoJ3siiepNOSEqEsScDLh/i1n++p1GHuvSd8vLbW/2oLX\newIDAQAB\n-----END PUBLIC KEY-----\n",
                            "rsa_bits": "2048"
                        },
                        "meta": {},
                        "tainted": false
                    },
                    "deposed": [],
                    "provider": "provider.tls"
                },
                "tls_self_signed_cert.main": {
                    "type": "tls_self_signed_cert",
                    "depends_on": [
                        "aws_lb.openfaas",
                        "tls_private_key.main"
                    ],
                    "primary": {
                        "id": "198718323219990616660605614729256354353",
                        "attributes": {
                            "allowed_uses.#": "3",
                            "allowed_uses.0": "key_encipherment",
                            "allowed_uses.1": "digital_signature",
                            "allowed_uses.2": "server_auth",
                            "cert_pem": "-----BEGIN CERTIFICATE-----\nMIIDpzCCAo+gAwIBAgIRAJV/wcVt3mGUPnV8uEzhwjEwDQYJKoZIhvcNAQELBQAw\nVjEbMBkGA1UEChMSQUNNRSBFeGFtcGxlcywgSW5jMTcwNQYDVQQDEy5vcGVuZmFh\ncy0yODMxNjM2OTAuZXUtd2VzdC0xLmVsYi5hbWF6b25hd3MuY29tMB4XDTE4MTEx\nMDA5NDU1MloXDTE4MTExMDIxNDU1MlowVjEbMBkGA1UEChMSQUNNRSBFeGFtcGxl\ncywgSW5jMTcwNQYDVQQDEy5vcGVuZmFhcy0yODMxNjM2OTAuZXUtd2VzdC0xLmVs\nYi5hbWF6b25hd3MuY29tMIIBIjANBgkqhkiG9w0BAQEFAAOCAQ8AMIIBCgKCAQEA\nqpZXKP3HFJlfETbosbCGB2C2EoT4UJpj85zp0enFg2oS6/4RU2zsQola4HT36Ia8\n10rVkTPRx4nmBSH8Ha2vRGbJjjnGdhbxewkkOtoNkH29lLJ1Mo4wz8DpqDIGYZGn\nmjASE+DFihIqfAHR2iSsrXpw+0CCmWNCIg20wkbs41NWNBYj84REktwfXXyr2b+Z\nQg9q74W8B36sg1EvPAXBRVKkH6rmQsjDjL8y97PDRmhpmm/l1GBTVqWmJ09TIAsy\naCF4399TR00lhbr0I9NC0zgMIRAcliGrlWZkvKm/ybgT0vdH8oMBz97jOGZ6MxNg\nwoi+MXrzmKBTHnAvAvvKPQIDAQABo3AwbjAOBgNVHQ8BAf8EBAMCBaAwEwYDVR0l\nBAwwCgYIKwYBBQUHAwEwDAYDVR0TAQH/BAIwADA5BgNVHREEMjAwgi5vcGVuZmFh\ncy0yODMxNjM2OTAuZXUtd2VzdC0xLmVsYi5hbWF6b25hd3MuY29tMA0GCSqGSIb3\nDQEBCwUAA4IBAQBS19MF+A9cf7t3VUTSPz307c5JRFweAm9WcwD8JfiTWaR0f4He\nHe4rcpgWyCgAWC4uVhQhwTfavQ7Q3VJpFhmK7/uPS47vx7dck1HGtQFYMTgXCNg7\nSP7NFBQ8MFqVX8+D5m1N2YUhFiLpjxzNiqZAMX3ZK60OgcJ7wQTcNoNz6O8Bu+E6\nC2e95i6GkjadXvOYoeqeBApqt8cO1tZuoPBDg5eh75FbTeph2xPhOlD8A1Igm76j\nLrmuYFBHXFj7YDysW0Z/CmeY+ZzeSrLgjsCENJtZM2dzc8hK4+CIgWQvYlPj6X3w\niHt3vQBHdZ8ZIMJVjAS50Rkx6XXkO0aw1W4z\n-----END CERTIFICATE-----\n",
                            "dns_names.#": "1",
                            "dns_names.0": "openfaas-283163690.eu-west-1.elb.amazonaws.com",
                            "early_renewal_hours": "3",
                            "id": "198718323219990616660605614729256354353",
                            "key_algorithm": "RSA",
                            "private_key_pem": "84a6c630a8ea454a78d3d5ac75711650f51203de",
                            "subject.#": "1",
                            "subject.0.common_name": "openfaas-283163690.eu-west-1.elb.amazonaws.com",
                            "subject.0.country": "",
                            "subject.0.locality": "",
                            "subject.0.organization": "ACME Examples, Inc",
                            "subject.0.organizational_unit": "",
                            "subject.0.postal_code": "",
                            "subject.0.province": "",
                            "subject.0.serial_number": "",
                            "subject.0.street_address.#": "0",
                            "validity_end_time": "2018-11-10T21:45:52.098647803Z",
                            "validity_period_hours": "12",
                            "validity_start_time": "2018-11-10T09:45:52.098647803Z"
                        },
                        "meta": {},
                        "tainted": false
                    },
                    "deposed": [],
                    "provider": "provider.tls"
                }
            },
            "depends_on": []
        },
        {
            "path": [
                "root",
                "alertmanager"
            ],
            "outputs": {
                "service_discovery_name": {
                    "sensitive": false,
                    "type": "string",
                    "value": "alertmanager"
                }
            },
            "resources": {
                "aws_cloudwatch_log_group.main": {
                    "type": "aws_cloudwatch_log_group",
                    "depends_on": [],
                    "primary": {
                        "id": "openfaas-alertmanager",
                        "attributes": {
                            "arn": "arn:aws:logs:eu-west-1:122668425727:log-group:openfaas-alertmanager:*",
                            "id": "openfaas-alertmanager",
                            "kms_key_id": "",
                            "name": "openfaas-alertmanager",
                            "retention_in_days": "0",
                            "tags.%": "0"
                        },
                        "meta": {},
                        "tainted": false
                    },
                    "deposed": [],
                    "provider": "provider.aws"
                },
                "aws_ecs_service.main": {
                    "type": "aws_ecs_service",
                    "depends_on": [
                        "aws_ecs_task_definition.main",
                        "aws_service_discovery_service.main"
                    ],
                    "primary": {
                        "id": "arn:aws:ecs:eu-west-1:122668425727:service/alertmanager",
                        "attributes": {
                            "cluster": "openfaas",
                            "deployment_maximum_percent": "200",
                            "deployment_minimum_healthy_percent": "100",
                            "desired_count": "1",
                            "health_check_grace_period_seconds": "0",
                            "iam_role": "aws-service-role",
                            "id": "arn:aws:ecs:eu-west-1:122668425727:service/alertmanager",
                            "launch_type": "FARGATE",
                            "load_balancer.#": "0",
                            "name": "alertmanager",
                            "network_configuration.#": "1",
                            "network_configuration.0.assign_public_ip": "false",
                            "network_configuration.0.security_groups.#": "2",
                            "network_configuration.0.security_groups.1182424907": "sg-0b3512365b3fc9ff7",
                            "network_configuration.0.security_groups.854347853": "sg-00492d8ccb0365d92",
                            "network_configuration.0.subnets.#": "3",
                            "network_configuration.0.subnets.2608359329": "subnet-0b8c1409a7f813add",
                            "network_configuration.0.subnets.2886905097": "subnet-0c06fa1aeaea42de3",
                            "network_configuration.0.subnets.3376804753": "subnet-05c2b30564631bad3",
                            "ordered_placement_strategy.#": "0",
                            "placement_constraints.#": "0",
                            "scheduling_strategy": "REPLICA",
                            "service_registries.#": "1",
                            "service_registries.2427285816.container_name": "",
                            "service_registries.2427285816.container_port": "0",
                            "service_registries.2427285816.port": "0",
                            "service_registries.2427285816.registry_arn": "arn:aws:servicediscovery:eu-west-1:122668425727:service/srv-4l2y6w7ky7u72n4d",
                            "task_definition": "arn:aws:ecs:eu-west-1:122668425727:task-definition/alertmanager:23"
                        },
                        "meta": {},
                        "tainted": false
                    },
                    "deposed": [],
                    "provider": "provider.aws"
                },
                "aws_ecs_task_definition.main": {
                    "type": "aws_ecs_task_definition",
                    "depends_on": [
                        "aws_cloudwatch_log_group.main"
                    ],
                    "primary": {
                        "id": "alertmanager",
                        "attributes": {
                            "arn": "arn:aws:ecs:eu-west-1:122668425727:task-definition/alertmanager:23",
                            "container_definitions": "[{\"command\":[\"--config.file=/alertmanager.yml\",\"--storage.path=/alertmanager'\"],\"cpu\":256,\"environment\":[],\"essential\":true,\"healthCheck\":{\"command\":[\"CMD-SHELL\",\"ls\"],\"interval\":5,\"retries\":1,\"startPeriod\":5,\"timeout\":3},\"image\":\"ewilde/alertmanager:v0.15.1\",\"logConfiguration\":{\"logDriver\":\"awslogs\",\"options\":{\"awslogs-group\":\"openfaas-alertmanager\",\"awslogs-region\":\"eu-west-1\",\"awslogs-stream-prefix\":\"alertmanager\"}},\"memory\":64,\"mountPoints\":[],\"name\":\"alertmanager\",\"portMappings\":[{\"containerPort\":9093,\"hostPort\":9093,\"protocol\":\"tcp\"}],\"volumesFrom\":[]}]",
                            "cpu": "256",
                            "execution_role_arn": "arn:aws:iam::122668425727:role/openfaas-alertmanager-provider-role",
                            "family": "alertmanager",
                            "id": "alertmanager",
                            "memory": "512",
                            "network_mode": "awsvpc",
                            "placement_constraints.#": "0",
                            "requires_compatibilities.#": "1",
                            "requires_compatibilities.3072437307": "FARGATE",
                            "revision": "23",
                            "task_role_arn": "arn:aws:iam::122668425727:role/openfaas-alertmanager-provider-role",
                            "volume.#": "0"
                        },
                        "meta": {
                            "schema_version": "1"
                        },
                        "tainted": false
                    },
                    "deposed": [],
                    "provider": "provider.aws"
                },
                "aws_service_discovery_service.main": {
                    "type": "aws_service_discovery_service",
                    "depends_on": [],
                    "primary": {
                        "id": "srv-4l2y6w7ky7u72n4d",
                        "attributes": {
                            "arn": "arn:aws:servicediscovery:eu-west-1:122668425727:service/srv-4l2y6w7ky7u72n4d",
                            "dns_config.#": "1",
                            "dns_config.0.dns_records.#": "1",
                            "dns_config.0.dns_records.0.ttl": "10",
                            "dns_config.0.dns_records.0.type": "A",
                            "dns_config.0.namespace_id": "ns-xxi5sue4qhtlwcfv",
                            "dns_config.0.routing_policy": "MULTIVALUE",
                            "health_check_custom_config.#": "1",
                            "health_check_custom_config.0.failure_threshold": "1",
                            "id": "srv-4l2y6w7ky7u72n4d",
                            "name": "alertmanager"
                        },
                        "meta": {},
                        "tainted": false
                    },
                    "deposed": [],
                    "provider": "provider.aws"
                }
            },
            "depends_on": []
        },
        {
            "path": [
                "root",
                "bastion_ami"
            ],
            "outputs": {
                "ami_id": {
                    "sensitive": false,
                    "type": "string",
                    "value": "ami-0af844a965e5738db"
                }
            },
            "resources": {
                "data.aws_ami.images": {
                    "type": "aws_ami",
                    "depends_on": [],
                    "primary": {
                        "id": "ami-0af844a965e5738db",
                        "attributes": {
                            "architecture": "x86_64",
                            "block_device_mappings.#": "2",
                            "block_device_mappings.2538004115.device_name": "/dev/xvdcz",
                            "block_device_mappings.2538004115.ebs.%": "6",
                            "block_device_mappings.2538004115.ebs.delete_on_termination": "true",
                            "block_device_mappings.2538004115.ebs.encrypted": "false",
                            "block_device_mappings.2538004115.ebs.iops": "0",
                            "block_device_mappings.2538004115.ebs.snapshot_id": "",
                            "block_device_mappings.2538004115.ebs.volume_size": "22",
                            "block_device_mappings.2538004115.ebs.volume_type": "gp2",
                            "block_device_mappings.2538004115.no_device": "",
                            "block_device_mappings.2538004115.virtual_name": "",
                            "block_device_mappings.340275815.device_name": "/dev/xvda",
                            "block_device_mappings.340275815.ebs.%": "6",
                            "block_device_mappings.340275815.ebs.delete_on_termination": "true",
                            "block_device_mappings.340275815.ebs.encrypted": "false",
                            "block_device_mappings.340275815.ebs.iops": "0",
                            "block_device_mappings.340275815.ebs.snapshot_id": "snap-080f2cb010c98fce9",
                            "block_device_mappings.340275815.ebs.volume_size": "8",
                            "block_device_mappings.340275815.ebs.volume_type": "gp2",
                            "block_device_mappings.340275815.no_device": "",
                            "block_device_mappings.340275815.virtual_name": "",
                            "creation_date": "2018-08-13T19:09:49.000Z",
                            "description": "Amazon Linux AMI 2018.03.e x86_64 ECS HVM GP2",
                            "filter.#": "2",
                            "filter.1281954306.name": "root-device-type",
                            "filter.1281954306.values.#": "1",
                            "filter.1281954306.values.0": "ebs",
                            "filter.2185930038.name": "name",
                            "filter.2185930038.values.#": "1",
                            "filter.2185930038.values.0": "amzn-ami-*.e-amazon-ecs-optimized",
                            "hypervisor": "xen",
                            "id": "ami-0af844a965e5738db",
                            "image_id": "ami-0af844a965e5738db",
                            "image_location": "amazon/amzn-ami-2018.03.e-amazon-ecs-optimized",
                            "image_owner_alias": "amazon",
                            "image_type": "machine",
                            "most_recent": "true",
                            "name": "amzn-ami-2018.03.e-amazon-ecs-optimized",
                            "owner_id": "591542846629",
                            "owners.#": "1",
                            "owners.0": "amazon",
                            "product_codes.#": "0",
                            "public": "true",
                            "root_device_name": "/dev/xvda",
                            "root_device_type": "ebs",
                            "root_snapshot_id": "snap-080f2cb010c98fce9",
                            "sriov_net_support": "simple",
                            "state": "available",
                            "state_reason.%": "2",
                            "state_reason.code": "UNSET",
                            "state_reason.message": "UNSET",
                            "tags.%": "0",
                            "virtualization_type": "hvm"
                        },
                        "meta": {},
                        "tainted": false
                    },
                    "deposed": [],
                    "provider": "provider.aws"
                }
            },
            "depends_on": []
        },
        {
            "path": [
                "root",
                "nats"
            ],
            "outputs": {
                "service_discovery_name": {
                    "sensitive": false,
                    "type": "string",
                    "value": "nats"
                }
            },
            "resources": {
                "aws_ecs_service.main": {
                    "type": "aws_ecs_service",
                    "depends_on": [
                        "aws_service_discovery_service.main"
                    ],
                    "primary": {
                        "id": "arn:aws:ecs:eu-west-1:122668425727:service/nats",
                        "attributes": {
                            "cluster": "openfaas",
                            "deployment_maximum_percent": "200",
                            "deployment_minimum_healthy_percent": "100",
                            "desired_count": "1",
                            "health_check_grace_period_seconds": "0",
                            "iam_role": "aws-service-role",
                            "id": "arn:aws:ecs:eu-west-1:122668425727:service/nats",
                            "launch_type": "FARGATE",
                            "load_balancer.#": "0",
                            "name": "nats",
                            "network_configuration.#": "1",
                            "network_configuration.0.assign_public_ip": "false",
                            "network_configuration.0.security_groups.#": "3",
                            "network_configuration.0.security_groups.1182424907": "sg-0b3512365b3fc9ff7",
                            "network_configuration.0.security_groups.3025450861": "sg-0b06393736d3e0c5f",
                            "network_configuration.0.security_groups.3391853723": "sg-0e6ef565b11b12eea",
                            "network_configuration.0.subnets.#": "3",
                            "network_configuration.0.subnets.2608359329": "subnet-0b8c1409a7f813add",
                            "network_configuration.0.subnets.2886905097": "subnet-0c06fa1aeaea42de3",
                            "network_configuration.0.subnets.3376804753": "subnet-05c2b30564631bad3",
                            "ordered_placement_strategy.#": "0",
                            "placement_constraints.#": "0",
                            "scheduling_strategy": "REPLICA",
                            "service_registries.#": "1",
                            "service_registries.3039044785.container_name": "",
                            "service_registries.3039044785.container_port": "0",
                            "service_registries.3039044785.port": "0",
                            "service_registries.3039044785.registry_arn": "arn:aws:servicediscovery:eu-west-1:122668425727:service/srv-b4fasdia2f2ig733",
                            "task_definition": "arn:aws:ecs:eu-west-1:122668425727:task-definition/nats:26"
                        },
                        "meta": {},
                        "tainted": false
                    },
                    "deposed": [],
                    "provider": "provider.aws"
                },
                "aws_service_discovery_service.main": {
                    "type": "aws_service_discovery_service",
                    "depends_on": [],
                    "primary": {
                        "id": "srv-b4fasdia2f2ig733",
                        "attributes": {
                            "arn": "arn:aws:servicediscovery:eu-west-1:122668425727:service/srv-b4fasdia2f2ig733",
                            "dns_config.#": "1",
                            "dns_config.0.dns_records.#": "1",
                            "dns_config.0.dns_records.0.ttl": "10",
                            "dns_config.0.dns_records.0.type": "A",
                            "dns_config.0.namespace_id": "ns-xxi5sue4qhtlwcfv",
                            "dns_config.0.routing_policy": "MULTIVALUE",
                            "health_check_custom_config.#": "1",
                            "health_check_custom_config.0.failure_threshold": "1",
                            "id": "srv-b4fasdia2f2ig733",
                            "name": "nats"
                        },
                        "meta": {},
                        "tainted": false
                    },
                    "deposed": [],
                    "provider": "provider.aws"
                }
            },
            "depends_on": []
        },
        {
            "path": [
                "root",
                "prometheus"
            ],
            "outputs": {
                "service_discovery_name": {
                    "sensitive": false,
                    "type": "string",
                    "value": "prometheus"
                }
            },
            "resources": {
                "aws_cloudwatch_log_group.main": {
                    "type": "aws_cloudwatch_log_group",
                    "depends_on": [],
                    "primary": {
                        "id": "openfaas-prometheus",
                        "attributes": {
                            "arn": "arn:aws:logs:eu-west-1:122668425727:log-group:openfaas-prometheus:*",
                            "id": "openfaas-prometheus",
                            "kms_key_id": "",
                            "name": "openfaas-prometheus",
                            "retention_in_days": "0",
                            "tags.%": "0"
                        },
                        "meta": {},
                        "tainted": false
                    },
                    "deposed": [],
                    "provider": "provider.aws"
                },
                "aws_ecs_service.main": {
                    "type": "aws_ecs_service",
                    "depends_on": [
                        "aws_ecs_task_definition.main",
                        "aws_lb_listener.main",
                        "aws_lb_target_group.main",
                        "aws_service_discovery_service.main"
                    ],
                    "primary": {
                        "id": "arn:aws:ecs:eu-west-1:122668425727:service/prometheus",
                        "attributes": {
                            "cluster": "openfaas",
                            "deployment_maximum_percent": "200",
                            "deployment_minimum_healthy_percent": "100",
                            "desired_count": "1",
                            "health_check_grace_period_seconds": "0",
                            "iam_role": "aws-service-role",
                            "id": "arn:aws:ecs:eu-west-1:122668425727:service/prometheus",
                            "launch_type": "FARGATE",
                            "load_balancer.#": "1",
                            "load_balancer.2120606088.container_name": "prometheus",
                            "load_balancer.2120606088.container_port": "9090",
                            "load_balancer.2120606088.elb_name": "",
                            "load_balancer.2120606088.target_group_arn": "arn:aws:elasticloadbalancing:eu-west-1:122668425727:targetgroup/openfaas-prometheus/daf449f386f8cedb",
                            "name": "prometheus",
                            "network_configuration.#": "1",
                            "network_configuration.0.assign_public_ip": "false",
                            "network_configuration.0.security_groups.#": "2",
                            "network_configuration.0.security_groups.1182424907": "sg-0b3512365b3fc9ff7",
                            "network_configuration.0.security_groups.4116477848": "sg-0118f7d4fd2fc5af8",
                            "network_configuration.0.subnets.#": "3",
                            "network_configuration.0.subnets.2608359329": "subnet-0b8c1409a7f813add",
                            "network_configuration.0.subnets.2886905097": "subnet-0c06fa1aeaea42de3",
                            "network_configuration.0.subnets.3376804753": "subnet-05c2b30564631bad3",
                            "ordered_placement_strategy.#": "0",
                            "placement_constraints.#": "0",
                            "scheduling_strategy": "REPLICA",
                            "service_registries.#": "1",
                            "service_registries.634797700.container_name": "",
                            "service_registries.634797700.container_port": "0",
                            "service_registries.634797700.port": "0",
                            "service_registries.634797700.registry_arn": "arn:aws:servicediscovery:eu-west-1:122668425727:service/srv-frzgueqqpyb3sr3v",
                            "task_definition": "arn:aws:ecs:eu-west-1:122668425727:task-definition/prometheus:22"
                        },
                        "meta": {},
                        "tainted": false
                    },
                    "deposed": [],
                    "provider": "provider.aws"
                },
                "aws_ecs_task_definition.main": {
                    "type": "aws_ecs_task_definition",
                    "depends_on": [
                        "aws_cloudwatch_log_group.main"
                    ],
                    "primary": {
                        "id": "prometheus",
                        "attributes": {
                            "arn": "arn:aws:ecs:eu-west-1:122668425727:task-definition/prometheus:22",
                            "container_definitions": "[{\"command\":[],\"cpu\":256,\"environment\":[],\"essential\":true,\"healthCheck\":{\"command\":[\"CMD-SHELL\",\"ls\"],\"interval\":5,\"retries\":1,\"startPeriod\":5,\"timeout\":3},\"image\":\"ewilde/prometheus:v2.3.1\",\"logConfiguration\":{\"logDriver\":\"awslogs\",\"options\":{\"awslogs-group\":\"openfaas-prometheus\",\"awslogs-region\":\"eu-west-1\",\"awslogs-stream-prefix\":\"prometheus\"}},\"memory\":64,\"mountPoints\":[],\"name\":\"prometheus\",\"portMappings\":[{\"containerPort\":9090,\"hostPort\":9090,\"protocol\":\"tcp\"}],\"volumesFrom\":[]}]",
                            "cpu": "256",
                            "execution_role_arn": "arn:aws:iam::122668425727:role/openfaas-prometheus-provider-role",
                            "family": "prometheus",
                            "id": "prometheus",
                            "memory": "512",
                            "network_mode": "awsvpc",
                            "placement_constraints.#": "0",
                            "requires_compatibilities.#": "1",
                            "requires_compatibilities.3072437307": "FARGATE",
                            "revision": "22",
                            "task_role_arn": "arn:aws:iam::122668425727:role/openfaas-prometheus-provider-role",
                            "volume.#": "0"
                        },
                        "meta": {
                            "schema_version": "1"
                        },
                        "tainted": false
                    },
                    "deposed": [],
                    "provider": "provider.aws"
                },
                "aws_lb_listener.main": {
                    "type": "aws_lb_listener",
                    "depends_on": [
                        "aws_lb_target_group.main"
                    ],
                    "primary": {
                        "id": "arn:aws:elasticloadbalancing:eu-west-1:122668425727:listener/app/openfaas/35a7f7b51e45819a/9d5e50fe62a6dd34",
                        "attributes": {
                            "arn": "arn:aws:elasticloadbalancing:eu-west-1:122668425727:listener/app/openfaas/35a7f7b51e45819a/9d5e50fe62a6dd34",
                            "default_action.#": "1",
                            "default_action.0.authenticate_cognito.#": "0",
                            "default_action.0.authenticate_oidc.#": "0",
                            "default_action.0.fixed_response.#": "0",
                            "default_action.0.order": "1",
                            "default_action.0.redirect.#": "0",
                            "default_action.0.target_group_arn": "arn:aws:elasticloadbalancing:eu-west-1:122668425727:targetgroup/openfaas-prometheus/daf449f386f8cedb",
                            "default_action.0.type": "forward",
                            "id": "arn:aws:elasticloadbalancing:eu-west-1:122668425727:listener/app/openfaas/35a7f7b51e45819a/9d5e50fe62a6dd34",
                            "load_balancer_arn": "arn:aws:elasticloadbalancing:eu-west-1:122668425727:loadbalancer/app/openfaas/35a7f7b51e45819a",
                            "port": "9090",
                            "protocol": "HTTP",
                            "ssl_policy": ""
                        },
                        "meta": {
                            "e2bfb730-ecaa-11e6-8f88-34363bc7c4c0": {
                                "read": 600000000000
                            }
                        },
                        "tainted": false
                    },
                    "deposed": [],
                    "provider": "provider.aws"
                },
                "aws_lb_target_group.main": {
                    "type": "aws_lb_target_group",
                    "depends_on": [],
                    "primary": {
                        "id": "arn:aws:elasticloadbalancing:eu-west-1:122668425727:targetgroup/openfaas-prometheus/daf449f386f8cedb",
                        "attributes": {
                            "arn": "arn:aws:elasticloadbalancing:eu-west-1:122668425727:targetgroup/openfaas-prometheus/daf449f386f8cedb",
                            "arn_suffix": "targetgroup/openfaas-prometheus/daf449f386f8cedb",
                            "deregistration_delay": "300",
                            "health_check.#": "1",
                            "health_check.0.healthy_threshold": "3",
                            "health_check.0.interval": "30",
                            "health_check.0.matcher": "200",
                            "health_check.0.path": "/graph",
                            "health_check.0.port": "traffic-port",
                            "health_check.0.protocol": "HTTP",
                            "health_check.0.timeout": "5",
                            "health_check.0.unhealthy_threshold": "3",
                            "id": "arn:aws:elasticloadbalancing:eu-west-1:122668425727:targetgroup/openfaas-prometheus/daf449f386f8cedb",
                            "name": "openfaas-prometheus",
                            "port": "9090",
                            "protocol": "HTTP",
                            "proxy_protocol_v2": "false",
                            "slow_start": "0",
                            "stickiness.#": "1",
                            "stickiness.0.cookie_duration": "86400",
                            "stickiness.0.enabled": "false",
                            "stickiness.0.type": "lb_cookie",
                            "tags.%": "0",
                            "target_type": "ip",
                            "vpc_id": "vpc-0d38ed6594c9167a8"
                        },
                        "meta": {},
                        "tainted": false
                    },
                    "deposed": [],
                    "provider": "provider.aws"
                },
                "aws_service_discovery_service.main": {
                    "type": "aws_service_discovery_service",
                    "depends_on": [],
                    "primary": {
                        "id": "srv-frzgueqqpyb3sr3v",
                        "attributes": {
                            "arn": "arn:aws:servicediscovery:eu-west-1:122668425727:service/srv-frzgueqqpyb3sr3v",
                            "dns_config.#": "1",
                            "dns_config.0.dns_records.#": "1",
                            "dns_config.0.dns_records.0.ttl": "10",
                            "dns_config.0.dns_records.0.type": "A",
                            "dns_config.0.namespace_id": "ns-xxi5sue4qhtlwcfv",
                            "dns_config.0.routing_policy": "MULTIVALUE",
                            "health_check_custom_config.#": "1",
                            "health_check_custom_config.0.failure_threshold": "1",
                            "id": "srv-frzgueqqpyb3sr3v",
                            "name": "prometheus"
                        },
                        "meta": {},
                        "tainted": false
                    },
                    "deposed": [],
                    "provider": "provider.aws"
                }
            },
            "depends_on": []
        }
    ]
}
